// !$*UTF8*$!
{
	archiveVersion = 1;
	classes = {
	};
	objectVersion = 46;
	objects = {

/* Begin PBXBuildFile section */
		0D0C3FE52105D33E00449E8D /* OOAdPlugin.h in Headers */ = {isa = PBXBuildFile; fileRef = 0D0C3F492105D33D00449E8D /* OOAdPlugin.h */; };
		0D0C3FE62105D33E00449E8D /* OOTimeSliderDelegate.h in Headers */ = {isa = PBXBuildFile; fileRef = 0D0C3F4A2105D33D00449E8D /* OOTimeSliderDelegate.h */; };
		0D0C3FE72105D33E00449E8D /* OOVASTVMAPAdHelper.h in Headers */ = {isa = PBXBuildFile; fileRef = 0D0C3F4B2105D33D00449E8D /* OOVASTVMAPAdHelper.h */; };
		0D0C3FE82105D33E00449E8D /* OOAudioTrackSelectionProtocol.h in Headers */ = {isa = PBXBuildFile; fileRef = 0D0C3F4C2105D33D00449E8D /* OOAudioTrackSelectionProtocol.h */; };
		0D0C3FE92105D33E00449E8D /* OODebugMode.h in Headers */ = {isa = PBXBuildFile; fileRef = 0D0C3F4D2105D33D00449E8D /* OODebugMode.h */; };
		0D0C3FEA2105D33E00449E8D /* OOIQConfiguration.h in Headers */ = {isa = PBXBuildFile; fileRef = 0D0C3F4E2105D33D00449E8D /* OOIQConfiguration.h */; };
		0D0C3FEB2105D33E00449E8D /* OOVASTCompanionAds.h in Headers */ = {isa = PBXBuildFile; fileRef = 0D0C3F4F2105D33D00449E8D /* OOVASTCompanionAds.h */; };
		0D0C3FEC2105D33E00449E8D /* OOVASTAd.h in Headers */ = {isa = PBXBuildFile; fileRef = 0D0C3F502105D33D00449E8D /* OOVASTAd.h */; };
		0D0C3FED2105D33E00449E8D /* OOTimeSliderProtocol.h in Headers */ = {isa = PBXBuildFile; fileRef = 0D0C3F512105D33D00449E8D /* OOTimeSliderProtocol.h */; };
		0D0C3FEE2105D33E00449E8D /* OOFCCTVRatingStampView.h in Headers */ = {isa = PBXBuildFile; fileRef = 0D0C3F522105D33D00449E8D /* OOFCCTVRatingStampView.h */; };
		0D0C3FEF2105D33E00449E8D /* OOPlayerProtocol.h in Headers */ = {isa = PBXBuildFile; fileRef = 0D0C3F532105D33D00449E8D /* OOPlayerProtocol.h */; };
		0D0C3FF02105D33E00449E8D /* OOAdSpot.h in Headers */ = {isa = PBXBuildFile; fileRef = 0D0C3F542105D33D00449E8D /* OOAdSpot.h */; };
		0D0C3FF12105D33E00449E8D /* OOUIUtils.h in Headers */ = {isa = PBXBuildFile; fileRef = 0D0C3F552105D33D00449E8D /* OOUIUtils.h */; };
		0D0C3FF22105D33E00449E8D /* OOUnbundledVideo.h in Headers */ = {isa = PBXBuildFile; fileRef = 0D0C3F562105D33D00449E8D /* OOUnbundledVideo.h */; };
		0D0C3FF32105D33E00449E8D /* OOPerformanceEventWatchCPUProfiling.h in Headers */ = {isa = PBXBuildFile; fileRef = 0D0C3F572105D33D00449E8D /* OOPerformanceEventWatchCPUProfiling.h */; };
		0D0C3FF42105D33E00449E8D /* OOPerformanceMonitorBuilder.h in Headers */ = {isa = PBXBuildFile; fileRef = 0D0C3F582105D33D00449E8D /* OOPerformanceMonitorBuilder.h */; };
		0D0C3FF52105D33E00449E8D /* OONextButton.h in Headers */ = {isa = PBXBuildFile; fileRef = 0D0C3F592105D33D00449E8D /* OONextButton.h */; };
		0D0C3FF62105D33E00449E8D /* OOOptions.h in Headers */ = {isa = PBXBuildFile; fileRef = 0D0C3F5A2105D33D00449E8D /* OOOptions.h */; };
		0D0C3FF72105D33E00449E8D /* OOAssetLoaderDelegate.h in Headers */ = {isa = PBXBuildFile; fileRef = 0D0C3F5B2105D33D00449E8D /* OOAssetLoaderDelegate.h */; };
		0D0C3FF82105D33E00449E8D /* OOVASTLinearAd.h in Headers */ = {isa = PBXBuildFile; fileRef = 0D0C3F5C2105D33D00449E8D /* OOVASTLinearAd.h */; };
		0D0C3FF92105D33E00449E8D /* OOPerformanceMemoryProfilingStatistics.h in Headers */ = {isa = PBXBuildFile; fileRef = 0D0C3F5D2105D33D00449E8D /* OOPerformanceMemoryProfilingStatistics.h */; };
		0D0C3FFA2105D33E00449E8D /* OOStreamPlayerMappingPredicate.h in Headers */ = {isa = PBXBuildFile; fileRef = 0D0C3F5E2105D33D00449E8D /* OOStreamPlayerMappingPredicate.h */; };
		0D0C3FFB2105D33E00449E8D /* OOSignatureGenerator.h in Headers */ = {isa = PBXBuildFile; fileRef = 0D0C3F5F2105D33D00449E8D /* OOSignatureGenerator.h */; };
		0D0C3FFC2105D33E00449E8D /* OOPerformanceFileSpaceProfilingStatistics.h in Headers */ = {isa = PBXBuildFile; fileRef = 0D0C3F602105D33D00449E8D /* OOPerformanceFileSpaceProfilingStatistics.h */; };
		0D0C3FFD2105D33E00449E8D /* OOControlsViewController.h in Headers */ = {isa = PBXBuildFile; fileRef = 0D0C3F612105D33D00449E8D /* OOControlsViewController.h */; };
		0D0C3FFE2105D33E00449E8D /* OOStreamPlayer.h in Headers */ = {isa = PBXBuildFile; fileRef = 0D0C3F622105D33D00449E8D /* OOStreamPlayer.h */; };
		0D0C3FFF2105D33E00449E8D /* OOPerformanceEventMatcherProtocol.h in Headers */ = {isa = PBXBuildFile; fileRef = 0D0C3F632105D33D00449E8D /* OOPerformanceEventMatcherProtocol.h */; };
		0D0C40002105D33E00449E8D /* OOPerformanceEventWatchStartEnd.h in Headers */ = {isa = PBXBuildFile; fileRef = 0D0C3F642105D33D00449E8D /* OOPerformanceEventWatchStartEnd.h */; };
		0D0C40012105D33E00449E8D /* OOVideoGravityButton.h in Headers */ = {isa = PBXBuildFile; fileRef = 0D0C3F652105D33D00449E8D /* OOVideoGravityButton.h */; };
		0D0C40022105D33E00449E8D /* OOVASTNonLinear.h in Headers */ = {isa = PBXBuildFile; fileRef = 0D0C3F662105D33D00449E8D /* OOVASTNonLinear.h */; };
		0D0C40032105D33E00449E8D /* OOPreviousButton.h in Headers */ = {isa = PBXBuildFile; fileRef = 0D0C3F672105D33D00449E8D /* OOPreviousButton.h */; };
		0D0C40042105D33E00449E8D /* OOPlayerDomain.h in Headers */ = {isa = PBXBuildFile; fileRef = 0D0C3F682105D33D00449E8D /* OOPlayerDomain.h */; };
		0D0C40052105D33E00449E8D /* OOOfflineVideo.h in Headers */ = {isa = PBXBuildFile; fileRef = 0D0C3F692105D33D00449E8D /* OOOfflineVideo.h */; };
		0D0C40062105D33E00449E8D /* OOVolumeButton.h in Headers */ = {isa = PBXBuildFile; fileRef = 0D0C3F6A2105D33D00449E8D /* OOVolumeButton.h */; };
		0D0C40072105D33E00449E8D /* OOClosedCaptions.h in Headers */ = {isa = PBXBuildFile; fileRef = 0D0C3F6B2105D33D00449E8D /* OOClosedCaptions.h */; };
		0D0C40082105D33E00449E8D /* OOCastModeOptions.h in Headers */ = {isa = PBXBuildFile; fileRef = 0D0C3F6C2105D33D00449E8D /* OOCastModeOptions.h */; };
		0D0C40092105D33E00449E8D /* OOStreamPlayerMappingCreator.h in Headers */ = {isa = PBXBuildFile; fileRef = 0D0C3F6D2105D33D00449E8D /* OOStreamPlayerMappingCreator.h */; };
		0D0C400A2105D33E00449E8D /* OOVideo.h in Headers */ = {isa = PBXBuildFile; fileRef = 0D0C3F6E2105D33D00449E8D /* OOVideo.h */; };
		0D0C400B2105D33E00449E8D /* OOFullScreenControlsView.h in Headers */ = {isa = PBXBuildFile; fileRef = 0D0C3F6F2105D33D00449E8D /* OOFullScreenControlsView.h */; };
		0D0C400C2105D33E00449E8D /* iOS7ScrubberSliderFraming.h in Headers */ = {isa = PBXBuildFile; fileRef = 0D0C3F702105D33D00449E8D /* iOS7ScrubberSliderFraming.h */; };
		0D0C400D2105D33E00449E8D /* OOCastManagerProtocol.h in Headers */ = {isa = PBXBuildFile; fileRef = 0D0C3F712105D33D00449E8D /* OOCastManagerProtocol.h */; };
		0D0C400E2105D33E00449E8D /* OOAdOverlayInfo.h in Headers */ = {isa = PBXBuildFile; fileRef = 0D0C3F722105D33D00449E8D /* OOAdOverlayInfo.h */; };
		0D0C400F2105D33E00449E8D /* OOPlayer.h in Headers */ = {isa = PBXBuildFile; fileRef = 0D0C3F732105D33D00449E8D /* OOPlayer.h */; };
		0D0C40102105D33E00449E8D /* OOAnalyticsPluginBaseImpl.h in Headers */ = {isa = PBXBuildFile; fileRef = 0D0C3F742105D33D00449E8D /* OOAnalyticsPluginBaseImpl.h */; };
		0D0C40112105D33E00449E8D /* OOSeekInfo.h in Headers */ = {isa = PBXBuildFile; fileRef = 0D0C3F752105D33D00449E8D /* OOSeekInfo.h */; };
		0D0C40122105D33E00449E8D /* OOLifeCycle.h in Headers */ = {isa = PBXBuildFile; fileRef = 0D0C3F762105D33D00449E8D /* OOLifeCycle.h */; };
		0D0C40132105D33E00449E8D /* OOProgressSliderView.h in Headers */ = {isa = PBXBuildFile; fileRef = 0D0C3F772105D33D00449E8D /* OOProgressSliderView.h */; };
		0D0C40142105D33E00449E8D /* OOClosedCaptionsSelectorBackgroundViewController.h in Headers */ = {isa = PBXBuildFile; fileRef = 0D0C3F782105D33D00449E8D /* OOClosedCaptionsSelectorBackgroundViewController.h */; };
		0D0C40152105D33E00449E8D /* OOAdPodInfo.h in Headers */ = {isa = PBXBuildFile; fileRef = 0D0C3F792105D33D00449E8D /* OOAdPodInfo.h */; };
		0D0C40162105D33E00449E8D /* OOStream.h in Headers */ = {isa = PBXBuildFile; fileRef = 0D0C3F7A2105D33D00449E8D /* OOStream.h */; };
		0D0C40172105D33E00449E8D /* OOVolumeSliderView.h in Headers */ = {isa = PBXBuildFile; fileRef = 0D0C3F7B2105D33D00449E8D /* OOVolumeSliderView.h */; };
		0D0C40182105D33E00449E8D /* OOFCCTVRating.h in Headers */ = {isa = PBXBuildFile; fileRef = 0D0C3F7C2105D33D00449E8D /* OOFCCTVRating.h */; };
		0D0C40192105D33E00449E8D /* OOMovingAverage.h in Headers */ = {isa = PBXBuildFile; fileRef = 0D0C3F7D2105D33D00449E8D /* OOMovingAverage.h */; };
		0D0C401A2105D33E00449E8D /* OOPerformanceStatisticsProtocol.h in Headers */ = {isa = PBXBuildFile; fileRef = 0D0C3F7E2105D33D00449E8D /* OOPerformanceStatisticsProtocol.h */; };
		0D0C401B2105D33E00449E8D /* OOEmbedTokenGenerator.h in Headers */ = {isa = PBXBuildFile; fileRef = 0D0C3F7F2105D33D00449E8D /* OOEmbedTokenGenerator.h */; };
		0D0C401C2105D33E00449E8D /* OOCaption.h in Headers */ = {isa = PBXBuildFile; fileRef = 0D0C3F802105D33D00449E8D /* OOCaption.h */; };
		0D0C401D2105D33E00449E8D /* OODynamicChannel.h in Headers */ = {isa = PBXBuildFile; fileRef = 0D0C3F812105D33D00449E8D /* OODynamicChannel.h */; };
		0D0C401E2105D33E00449E8D /* OOClosedCaptionsLabel.h in Headers */ = {isa = PBXBuildFile; fileRef = 0D0C3F822105D33D00449E8D /* OOClosedCaptionsLabel.h */; };
		0D0C401F2105D33E00449E8D /* OOPerformanceNotificationNameMatcher.h in Headers */ = {isa = PBXBuildFile; fileRef = 0D0C3F832105D33D00449E8D /* OOPerformanceNotificationNameMatcher.h */; };
		0D0C40202105D33E00449E8D /* OOStateNotifier.h in Headers */ = {isa = PBXBuildFile; fileRef = 0D0C3F842105D33D00449E8D /* OOStateNotifier.h */; };
		0D0C40212105D33E00449E8D /* OOVASTCompanion.h in Headers */ = {isa = PBXBuildFile; fileRef = 0D0C3F852105D33D00449E8D /* OOVASTCompanion.h */; };
		0D0C40222105D33E00449E8D /* OOAnalyticsPluginProtocol.h in Headers */ = {isa = PBXBuildFile; fileRef = 0D0C3F862105D33D00449E8D /* OOAnalyticsPluginProtocol.h */; };
		0D0C40232105D33E00449E8D /* OOFullScreenControlsBottomBarMainControlsView.h in Headers */ = {isa = PBXBuildFile; fileRef = 0D0C3F872105D33D00449E8D /* OOFullScreenControlsBottomBarMainControlsView.h */; };
		0D0C40242105D33E00449E8D /* OOInlineControlsView.h in Headers */ = {isa = PBXBuildFile; fileRef = 0D0C3F882105D33D00449E8D /* OOInlineControlsView.h */; };
		0D0C40252105D33E00449E8D /* OOTBXML.h in Headers */ = {isa = PBXBuildFile; fileRef = 0D0C3F892105D33D00449E8D /* OOTBXML.h */; };
		0D0C40262105D33E00449E8D /* OOAudioTrackProtocol.h in Headers */ = {isa = PBXBuildFile; fileRef = 0D0C3F8A2105D33D00449E8D /* OOAudioTrackProtocol.h */; };
		0D0C40272105D33E00449E8D /* OOVolumeSliderDelegate.h in Headers */ = {isa = PBXBuildFile; fileRef = 0D0C3F8B2105D33D00449E8D /* OOVolumeSliderDelegate.h */; };
		0D0C40282105D33E00449E8D /* OOAdSpotManager.h in Headers */ = {isa = PBXBuildFile; fileRef = 0D0C3F8C2105D33D00449E8D /* OOAdSpotManager.h */; };
		0D0C40292105D33E00449E8D /* OOTransparentToolbar.h in Headers */ = {isa = PBXBuildFile; fileRef = 0D0C3F8D2105D33D00449E8D /* OOTransparentToolbar.h */; };
		0D0C402A2105D33E00449E8D /* OOPerformanceEventWatchMemoryProfiling.h in Headers */ = {isa = PBXBuildFile; fileRef = 0D0C3F8E2105D33D00449E8D /* OOPerformanceEventWatchMemoryProfiling.h */; };
		0D0C402B2105D33E00449E8D /* OOAssetDownloadStream.h in Headers */ = {isa = PBXBuildFile; fileRef = 0D0C3F8F2105D33D00449E8D /* OOAssetDownloadStream.h */; };
		0D0C402C2105D33E00449E8D /* OOVolumeSliderProtocol.h in Headers */ = {isa = PBXBuildFile; fileRef = 0D0C3F902105D33D00449E8D /* OOVolumeSliderProtocol.h */; };
		0D0C402D2105D33E00449E8D /* OOPerformanceEventWatchProtocol.h in Headers */ = {isa = PBXBuildFile; fileRef = 0D0C3F912105D33D00449E8D /* OOPerformanceEventWatchProtocol.h */; };
		0D0C402E2105D33E00449E8D /* OOReturnState.h in Headers */ = {isa = PBXBuildFile; fileRef = 0D0C3F922105D33D00449E8D /* OOReturnState.h */; };
		0D0C402F2105D33E00449E8D /* OOUserInfo.h in Headers */ = {isa = PBXBuildFile; fileRef = 0D0C3F932105D33D00449E8D /* OOUserInfo.h */; };
		0D0C40302105D33E00449E8D /* OOVASTVMAPAdSpot.h in Headers */ = {isa = PBXBuildFile; fileRef = 0D0C3F942105D33D00449E8D /* OOVASTVMAPAdSpot.h */; };
		0D0C40312105D33E00449E8D /* OOFCCTVRatingConfiguration.h in Headers */ = {isa = PBXBuildFile; fileRef = 0D0C3F952105D33D00449E8D /* OOFCCTVRatingConfiguration.h */; };
		0D0C40322105D33E00449E8D /* OOChannel.h in Headers */ = {isa = PBXBuildFile; fileRef = 0D0C3F962105D33D00449E8D /* OOChannel.h */; };
		0D0C40332105D33E00449E8D /* OOClientId.h in Headers */ = {isa = PBXBuildFile; fileRef = 0D0C3F972105D33D00449E8D /* OOClientId.h */; };
		0D0C40342105D33E00449E8D /* OOClosedCaptionsStyle.h in Headers */ = {isa = PBXBuildFile; fileRef = 0D0C3F982105D33D00449E8D /* OOClosedCaptionsStyle.h */; };
		0D0C40352105D33E00449E8D /* OOCallbacks.h in Headers */ = {isa = PBXBuildFile; fileRef = 0D0C3F992105D33D00449E8D /* OOCallbacks.h */; };
		0D0C40362105D33E00449E8D /* OOOrderedDictionary.h in Headers */ = {isa = PBXBuildFile; fileRef = 0D0C3F9A2105D33D00449E8D /* OOOrderedDictionary.h */; };
		0D0C40372105D33E00449E8D /* OOEmbeddedSecureURLGenerator.h in Headers */ = {isa = PBXBuildFile; fileRef = 0D0C3F9B2105D33D00449E8D /* OOEmbeddedSecureURLGenerator.h */; };
		0D0C40382105D33E00449E8D /* OODeliveryTypeConstants.h in Headers */ = {isa = PBXBuildFile; fileRef = 0D0C3F9C2105D33D00449E8D /* OODeliveryTypeConstants.h */; };
		0D0C40392105D33E00449E8D /* OOOoyalaPlayer.h in Headers */ = {isa = PBXBuildFile; fileRef = 0D0C3F9D2105D33D00449E8D /* OOOoyalaPlayer.h */; };
		0D0C403A2105D33E00449E8D /* OOFullscreenButton.h in Headers */ = {isa = PBXBuildFile; fileRef = 0D0C3F9E2105D33D00449E8D /* OOFullscreenButton.h */; };
		0D0C403B2105D33E00449E8D /* OOIQAnalyticsPlugin.h in Headers */ = {isa = PBXBuildFile; fileRef = 0D0C3F9F2105D33D00449E8D /* OOIQAnalyticsPlugin.h */; };
		0D0C403C2105D33E00449E8D /* OOImages.h in Headers */ = {isa = PBXBuildFile; fileRef = 0D0C3FA02105D33D00449E8D /* OOImages.h */; };
		0D0C403D2105D33E00449E8D /* OOFairplayContentKeyDelegate.h in Headers */ = {isa = PBXBuildFile; fileRef = 0D0C3FA12105D33D00449E8D /* OOFairplayContentKeyDelegate.h */; };
		0D0C403E2105D33E00449E8D /* OOVASTOffset.h in Headers */ = {isa = PBXBuildFile; fileRef = 0D0C3FA22105D33D00449E8D /* OOVASTOffset.h */; };
		0D0C403F2105D33E00449E8D /* OOPerformanceCountingStatistics.h in Headers */ = {isa = PBXBuildFile; fileRef = 0D0C3FA32105D33D00449E8D /* OOPerformanceCountingStatistics.h */; };
		0D0C40402105D33E00449E8D /* OOOoyalaSimpleTVPlayerViewController.h in Headers */ = {isa = PBXBuildFile; fileRef = 0D0C3FA42105D33D00449E8D /* OOOoyalaSimpleTVPlayerViewController.h */; };
		0D0C40412105D33E00449E8D /* OOPlayerInfo.h in Headers */ = {isa = PBXBuildFile; fileRef = 0D0C3FA52105D33D00449E8D /* OOPlayerInfo.h */; };
		0D0C40422105D33E00449E8D /* OOOoyalaAPIClient.h in Headers */ = {isa = PBXBuildFile; fileRef = 0D0C3FA62105D33D00449E8D /* OOOoyalaAPIClient.h */; };
		0D0C40432105D33E00449E8D /* OOPerformanceStartEndStatistics.h in Headers */ = {isa = PBXBuildFile; fileRef = 0D0C3FA72105D33D00449E8D /* OOPerformanceStartEndStatistics.h */; };
		0D0C40442105D33E00449E8D /* OOVASTConstants.h in Headers */ = {isa = PBXBuildFile; fileRef = 0D0C3FA82105D33D00449E8D /* OOVASTConstants.h */; };
		0D0C40452105D33E00449E8D /* OOPerformanceEventWatchCounting.h in Headers */ = {isa = PBXBuildFile; fileRef = 0D0C3FA92105D33D00449E8D /* OOPerformanceEventWatchCounting.h */; };
		0D0C40462105D33E00449E8D /* OOChannelSet.h in Headers */ = {isa = PBXBuildFile; fileRef = 0D0C3FAA2105D33D00449E8D /* OOChannelSet.h */; };
		0D0C40472105D33E00449E8D /* OOAirPlayButton.h in Headers */ = {isa = PBXBuildFile; fileRef = 0D0C3FAB2105D33D00449E8D /* OOAirPlayButton.h */; };
		0D0C40482105D33E00449E8D /* OOCuePointsView.h in Headers */ = {isa = PBXBuildFile; fileRef = 0D0C3FAC2105D33D00449E8D /* OOCuePointsView.h */; };
		0D0C40492105D33E00449E8D /* OOImagesIOS7.h in Headers */ = {isa = PBXBuildFile; fileRef = 0D0C3FAD2105D33D00449E8D /* OOImagesIOS7.h */; };
		0D0C404A2105D33E00449E8D /* OODeviceInfo.h in Headers */ = {isa = PBXBuildFile; fileRef = 0D0C3FAE2105D33D00449E8D /* OODeviceInfo.h */; };
		0D0C404B2105D33E00449E8D /* OOAssetDownloadManager.h in Headers */ = {isa = PBXBuildFile; fileRef = 0D0C3FAF2105D33D00449E8D /* OOAssetDownloadManager.h */; };
		0D0C404C2105D33E00449E8D /* OOPerformanceCPUProfilingStatistics.h in Headers */ = {isa = PBXBuildFile; fileRef = 0D0C3FB02105D33D00449E8D /* OOPerformanceCPUProfilingStatistics.h */; };
		0D0C404D2105D33E00449E8D /* OOAssetDownloadOptions.h in Headers */ = {isa = PBXBuildFile; fileRef = 0D0C3FB12105D33D00449E8D /* OOAssetDownloadOptions.h */; };
		0D0C404E2105D33E00449E8D /* OOPlayPauseButton.h in Headers */ = {isa = PBXBuildFile; fileRef = 0D0C3FB22105D33D00449E8D /* OOPlayPauseButton.h */; };
		0D0C404F2105D33E00449E8D /* OOEmbeddedSignatureGenerator.h in Headers */ = {isa = PBXBuildFile; fileRef = 0D0C3FB32105D33D00449E8D /* OOEmbeddedSignatureGenerator.h */; };
		0D0C40502105D33E00449E8D /* OOControls.h in Headers */ = {isa = PBXBuildFile; fileRef = 0D0C3FB42105D33D00449E8D /* OOControls.h */; };
		0D0C40512105D33E00449E8D /* OOMultiAudioProtocol.h in Headers */ = {isa = PBXBuildFile; fileRef = 0D0C3FB52105D33D00449E8D /* OOMultiAudioProtocol.h */; };
		0D0C40522105D33E00449E8D /* OODefaultPlayerInfo.h in Headers */ = {isa = PBXBuildFile; fileRef = 0D0C3FB62105D33D00449E8D /* OODefaultPlayerInfo.h */; };
		0D0C40532105D33E00449E8D /* OOPaginatedParentItem.h in Headers */ = {isa = PBXBuildFile; fileRef = 0D0C3FB72105D33D00449E8D /* OOPaginatedParentItem.h */; };
		0D0C40542105D33E00449E8D /* OOControlsDelegate.h in Headers */ = {isa = PBXBuildFile; fileRef = 0D0C3FB82105D33D00449E8D /* OOControlsDelegate.h */; };
		0D0C40552105D33E00449E8D /* OOFullScreenControlsTopBar.h in Headers */ = {isa = PBXBuildFile; fileRef = 0D0C3FB92105D33D00449E8D /* OOFullScreenControlsTopBar.h */; };
		0D0C40562105D33E00449E8D /* OOClosedCaptionsButton.h in Headers */ = {isa = PBXBuildFile; fileRef = 0D0C3FBA2105D33D00449E8D /* OOClosedCaptionsButton.h */; };
		0D0C40572105D33E00449E8D /* OOAuthorizableItem.h in Headers */ = {isa = PBXBuildFile; fileRef = 0D0C3FBB2105D33D00449E8D /* OOAuthorizableItem.h */; };
		0D0C40582105D33E00449E8D /* OOPerformanceStatisticsSnapshot.h in Headers */ = {isa = PBXBuildFile; fileRef = 0D0C3FBC2105D33D00449E8D /* OOPerformanceStatisticsSnapshot.h */; };
		0D0C40592105D33E00449E8D /* OOAdPluginManagerProtocol.h in Headers */ = {isa = PBXBuildFile; fileRef = 0D0C3FBD2105D33D00449E8D /* OOAdPluginManagerProtocol.h */; };
		0D0C405A2105D33E00449E8D /* OOOoyalaPlayerViewController.h in Headers */ = {isa = PBXBuildFile; fileRef = 0D0C3FBE2105D33D00449E8D /* OOOoyalaPlayerViewController.h */; };
		0D0C405B2105D33E00449E8D /* OOJSONKit.h in Headers */ = {isa = PBXBuildFile; fileRef = 0D0C3FBF2105D33D00449E8D /* OOJSONKit.h */; };
		0D0C405C2105D33E00449E8D /* OOVASTStream.h in Headers */ = {isa = PBXBuildFile; fileRef = 0D0C3FC02105D33D00449E8D /* OOVASTStream.h */; };
		0D0C405D2105D33E00449E8D /* OOVASTCreative.h in Headers */ = {isa = PBXBuildFile; fileRef = 0D0C3FC12105D33D00449E8D /* OOVASTCreative.h */; };
		0D0C405E2105D33E00449E8D /* OOManagedAdSpot.h in Headers */ = {isa = PBXBuildFile; fileRef = 0D0C3FC22105D33D00449E8D /* OOManagedAdSpot.h */; };
		0D0C405F2105D33E00449E8D /* OOVASTIcon.h in Headers */ = {isa = PBXBuildFile; fileRef = 0D0C3FC32105D33D00449E8D /* OOVASTIcon.h */; };
		0D0C40602105D33E00449E8D /* OoyalaSDK.h in Headers */ = {isa = PBXBuildFile; fileRef = 0D0C3FC42105D33D00449E8D /* OoyalaSDK.h */; };
		0D0C40612105D33E00449E8D /* OODiscoveryOptions.h in Headers */ = {isa = PBXBuildFile; fileRef = 0D0C3FC52105D33D00449E8D /* OODiscoveryOptions.h */; };
		0D0C40622105D33E00449E8D /* OOPerformanceNotificationNameStateMatcher.h in Headers */ = {isa = PBXBuildFile; fileRef = 0D0C3FC62105D33D00449E8D /* OOPerformanceNotificationNameStateMatcher.h */; };
		0D0C40632105D33E00449E8D /* OOPerformanceMonitor.h in Headers */ = {isa = PBXBuildFile; fileRef = 0D0C3FC72105D33D00449E8D /* OOPerformanceMonitor.h */; };
		0D0C40642105D33E00449E8D /* OOFullScreenControlsBottomBarVolumeView.h in Headers */ = {isa = PBXBuildFile; fileRef = 0D0C3FC82105D33D00449E8D /* OOFullScreenControlsBottomBarVolumeView.h */; };
		0D0C40652105D33E00449E8D /* OOFCCTVRatingVideoView.h in Headers */ = {isa = PBXBuildFile; fileRef = 0D0C3FC92105D33D00449E8D /* OOFCCTVRatingVideoView.h */; };
		0D0C40662105D33E00449E8D /* OOInlineViewController.h in Headers */ = {isa = PBXBuildFile; fileRef = 0D0C3FCA2105D33D00449E8D /* OOInlineViewController.h */; };
		0D0C40672105D33E00449E8D /* OOOoyalaAdSpot.h in Headers */ = {isa = PBXBuildFile; fileRef = 0D0C3FCB2105D33D00449E8D /* OOOoyalaAdSpot.h */; };
		0D0C40682105D33E00449E8D /* OOContentItem.h in Headers */ = {isa = PBXBuildFile; fileRef = 0D0C3FCC2105D33D00449E8D /* OOContentItem.h */; };
		0D0C40692105D33E00449E8D /* OOAdSpotPlugin.h in Headers */ = {isa = PBXBuildFile; fileRef = 0D0C3FCD2105D33D00449E8D /* OOAdSpotPlugin.h */; };
		0D0C406A2105D33E00449E8D /* OOUIProgressSliderIOS7.h in Headers */ = {isa = PBXBuildFile; fileRef = 0D0C3FCE2105D33D00449E8D /* OOUIProgressSliderIOS7.h */; };
		0D0C406B2105D33E00449E8D /* OOVASTNonLinearAds.h in Headers */ = {isa = PBXBuildFile; fileRef = 0D0C3FCF2105D33D00449E8D /* OOVASTNonLinearAds.h */; };
		0D0C406C2105D33E00449E8D /* OOPerformanceEventWatchFileSpaceProfiling.h in Headers */ = {isa = PBXBuildFile; fileRef = 0D0C3FD02105D33D00449E8D /* OOPerformanceEventWatchFileSpaceProfiling.h */; };
		0D0C406D2105D33E00449E8D /* OOAudioTrack.h in Headers */ = {isa = PBXBuildFile; fileRef = 0D0C3FD12105D33D00449E8D /* OOAudioTrack.h */; };
		0D0C406E2105D33E00449E8D /* OOClosedCaptionsView.h in Headers */ = {isa = PBXBuildFile; fileRef = 0D0C3FD22105D33D00449E8D /* OOClosedCaptionsView.h */; };
		0D0C406F2105D33E00449E8D /* OOManagedAdsPlugin.h in Headers */ = {isa = PBXBuildFile; fileRef = 0D0C3FD32105D33D00449E8D /* OOManagedAdsPlugin.h */; };
		0D0C40702105D33E00449E8D /* OOClosedCaptionsSelectorViewController.h in Headers */ = {isa = PBXBuildFile; fileRef = 0D0C3FD42105D33D00449E8D /* OOClosedCaptionsSelectorViewController.h */; };
		0D0C40712105D33E00449E8D /* OOClosedCaptionsItem.h in Headers */ = {isa = PBXBuildFile; fileRef = 0D0C3FD52105D33D00449E8D /* OOClosedCaptionsItem.h */; };
		0D0C40722105D33E00449E8D /* OOBufferView.h in Headers */ = {isa = PBXBuildFile; fileRef = 0D0C3FD62105D33D00449E8D /* OOBufferView.h */; };
		0D0C40732105D33E00449E8D /* OOFullScreenViewController.h in Headers */ = {isa = PBXBuildFile; fileRef = 0D0C3FD72105D33D00449E8D /* OOFullScreenViewController.h */; };
		0D0C40742105D33F00449E8D /* OOScalableImageButton.h in Headers */ = {isa = PBXBuildFile; fileRef = 0D0C3FD82105D33D00449E8D /* OOScalableImageButton.h */; };
		0D0C40752105D33F00449E8D /* OOVASTUtils.h in Headers */ = {isa = PBXBuildFile; fileRef = 0D0C3FD92105D33D00449E8D /* OOVASTUtils.h */; };
		0D0C40762105D33F00449E8D /* ScrubberSliderFraming.h in Headers */ = {isa = PBXBuildFile; fileRef = 0D0C3FDA2105D33D00449E8D /* ScrubberSliderFraming.h */; };
		0D0C40772105D33F00449E8D /* OOAdsLearnMoreButton.h in Headers */ = {isa = PBXBuildFile; fileRef = 0D0C3FDB2105D33D00449E8D /* OOAdsLearnMoreButton.h */; };
		0D0C40782105D33F00449E8D /* OOOoyalaError.h in Headers */ = {isa = PBXBuildFile; fileRef = 0D0C3FDC2105D33D00449E8D /* OOOoyalaError.h */; };
		0D0C40792105D33F00449E8D /* OOFullScreenControlsBottomBar.h in Headers */ = {isa = PBXBuildFile; fileRef = 0D0C3FDD2105D33D00449E8D /* OOFullScreenControlsBottomBar.h */; };
		0D0C407A2105D33F00449E8D /* OOSecureURLGenerator.h in Headers */ = {isa = PBXBuildFile; fileRef = 0D0C3FDE2105D33D00449E8D /* OOSecureURLGenerator.h */; };
		0D0C407B2105D33F00449E8D /* OOVASTResource.h in Headers */ = {isa = PBXBuildFile; fileRef = 0D0C3FDF2105D33D00449E8D /* OOVASTResource.h */; };
		0D0C407C2105D33F00449E8D /* OOInlineControlsBottomBar.h in Headers */ = {isa = PBXBuildFile; fileRef = 0D0C3FE02105D33E00449E8D /* OOInlineControlsBottomBar.h */; };
		0D0C407D2105D33F00449E8D /* OOModule.h in Headers */ = {isa = PBXBuildFile; fileRef = 0D0C3FE12105D33E00449E8D /* OOModule.h */; };
		0D0C407E2105D33F00449E8D /* OODiscoveryManager.h in Headers */ = {isa = PBXBuildFile; fileRef = 0D0C3FE22105D33E00449E8D /* OODiscoveryManager.h */; };
		0D0C407F2105D33F00449E8D /* OOVASTAdSpot.h in Headers */ = {isa = PBXBuildFile; fileRef = 0D0C3FE32105D33E00449E8D /* OOVASTAdSpot.h */; };
		0D0C40802105D33F00449E8D /* OOPlayableItem.h in Headers */ = {isa = PBXBuildFile; fileRef = 0D0C3FE42105D33E00449E8D /* OOPlayableItem.h */; };
		418167A51FD7C82400B54849 /* OoyalaSDK.framework in Frameworks */ = {isa = PBXBuildFile; fileRef = 418167A41FD7C82400B54849 /* OoyalaSDK.framework */; };
		41EE65671F4599F200930274 /* AVKit.framework in Frameworks */ = {isa = PBXBuildFile; fileRef = 41EE65571F4599F200930274 /* AVKit.framework */; };
		41EE65681F4599F200930274 /* CFNetwork.framework in Frameworks */ = {isa = PBXBuildFile; fileRef = 41EE65581F4599F200930274 /* CFNetwork.framework */; };
		41EE65691F4599F200930274 /* CoreGraphics.framework in Frameworks */ = {isa = PBXBuildFile; fileRef = 41EE65591F4599F200930274 /* CoreGraphics.framework */; };
		41EE656A1F4599F200930274 /* CoreMedia.framework in Frameworks */ = {isa = PBXBuildFile; fileRef = 41EE655A1F4599F200930274 /* CoreMedia.framework */; };
		41EE656B1F4599F200930274 /* CoreText.framework in Frameworks */ = {isa = PBXBuildFile; fileRef = 41EE655B1F4599F200930274 /* CoreText.framework */; };
		41EE656C1F4599F200930274 /* Foundation.framework in Frameworks */ = {isa = PBXBuildFile; fileRef = 41EE655C1F4599F200930274 /* Foundation.framework */; };
		41EE656D1F4599F200930274 /* libc++.tbd in Frameworks */ = {isa = PBXBuildFile; fileRef = 41EE655D1F4599F200930274 /* libc++.tbd */; };
		41EE656E1F4599F200930274 /* libxml2.tbd in Frameworks */ = {isa = PBXBuildFile; fileRef = 41EE655E1F4599F200930274 /* libxml2.tbd */; };
		41EE656F1F4599F200930274 /* libz.1.1.3.tbd in Frameworks */ = {isa = PBXBuildFile; fileRef = 41EE655F1F4599F200930274 /* libz.1.1.3.tbd */; };
		41EE65701F4599F200930274 /* MediaAccessibility.framework in Frameworks */ = {isa = PBXBuildFile; fileRef = 41EE65601F4599F200930274 /* MediaAccessibility.framework */; };
		41EE65711F4599F200930274 /* MediaPlayer.framework in Frameworks */ = {isa = PBXBuildFile; fileRef = 41EE65611F4599F200930274 /* MediaPlayer.framework */; };
		41EE65721F4599F200930274 /* QuartzCore.framework in Frameworks */ = {isa = PBXBuildFile; fileRef = 41EE65621F4599F200930274 /* QuartzCore.framework */; };
		41EE65731F4599F200930274 /* Security.framework in Frameworks */ = {isa = PBXBuildFile; fileRef = 41EE65631F4599F200930274 /* Security.framework */; };
		41EE65741F4599F200930274 /* SystemConfiguration.framework in Frameworks */ = {isa = PBXBuildFile; fileRef = 41EE65641F4599F200930274 /* SystemConfiguration.framework */; };
		41EE65751F4599F200930274 /* UIKit.framework in Frameworks */ = {isa = PBXBuildFile; fileRef = 41EE65651F4599F200930274 /* UIKit.framework */; };
		41EE65771F459A0000930274 /* JavaScriptCore.framework in Frameworks */ = {isa = PBXBuildFile; fileRef = 41EE65761F459A0000930274 /* JavaScriptCore.framework */; };
		41F2272D20501A2D00DB9FF3 /* AVFoundation.framework in Frameworks */ = {isa = PBXBuildFile; fileRef = 41EE65561F4599F200930274 /* AVFoundation.framework */; };
/* End PBXBuildFile section */

/* Begin PBXFileReference section */
		0D0C3F492105D33D00449E8D /* OOAdPlugin.h */ = {isa = PBXFileReference; fileEncoding = 4; lastKnownFileType = sourcecode.c.h; path = OOAdPlugin.h; sourceTree = "<group>"; };
		0D0C3F4A2105D33D00449E8D /* OOTimeSliderDelegate.h */ = {isa = PBXFileReference; fileEncoding = 4; lastKnownFileType = sourcecode.c.h; path = OOTimeSliderDelegate.h; sourceTree = "<group>"; };
		0D0C3F4B2105D33D00449E8D /* OOVASTVMAPAdHelper.h */ = {isa = PBXFileReference; fileEncoding = 4; lastKnownFileType = sourcecode.c.h; path = OOVASTVMAPAdHelper.h; sourceTree = "<group>"; };
		0D0C3F4C2105D33D00449E8D /* OOAudioTrackSelectionProtocol.h */ = {isa = PBXFileReference; fileEncoding = 4; lastKnownFileType = sourcecode.c.h; path = OOAudioTrackSelectionProtocol.h; sourceTree = "<group>"; };
		0D0C3F4D2105D33D00449E8D /* OODebugMode.h */ = {isa = PBXFileReference; fileEncoding = 4; lastKnownFileType = sourcecode.c.h; path = OODebugMode.h; sourceTree = "<group>"; };
		0D0C3F4E2105D33D00449E8D /* OOIQConfiguration.h */ = {isa = PBXFileReference; fileEncoding = 4; lastKnownFileType = sourcecode.c.h; path = OOIQConfiguration.h; sourceTree = "<group>"; };
		0D0C3F4F2105D33D00449E8D /* OOVASTCompanionAds.h */ = {isa = PBXFileReference; fileEncoding = 4; lastKnownFileType = sourcecode.c.h; path = OOVASTCompanionAds.h; sourceTree = "<group>"; };
		0D0C3F502105D33D00449E8D /* OOVASTAd.h */ = {isa = PBXFileReference; fileEncoding = 4; lastKnownFileType = sourcecode.c.h; path = OOVASTAd.h; sourceTree = "<group>"; };
		0D0C3F512105D33D00449E8D /* OOTimeSliderProtocol.h */ = {isa = PBXFileReference; fileEncoding = 4; lastKnownFileType = sourcecode.c.h; path = OOTimeSliderProtocol.h; sourceTree = "<group>"; };
		0D0C3F522105D33D00449E8D /* OOFCCTVRatingStampView.h */ = {isa = PBXFileReference; fileEncoding = 4; lastKnownFileType = sourcecode.c.h; path = OOFCCTVRatingStampView.h; sourceTree = "<group>"; };
		0D0C3F532105D33D00449E8D /* OOPlayerProtocol.h */ = {isa = PBXFileReference; fileEncoding = 4; lastKnownFileType = sourcecode.c.h; path = OOPlayerProtocol.h; sourceTree = "<group>"; };
		0D0C3F542105D33D00449E8D /* OOAdSpot.h */ = {isa = PBXFileReference; fileEncoding = 4; lastKnownFileType = sourcecode.c.h; path = OOAdSpot.h; sourceTree = "<group>"; };
		0D0C3F552105D33D00449E8D /* OOUIUtils.h */ = {isa = PBXFileReference; fileEncoding = 4; lastKnownFileType = sourcecode.c.h; path = OOUIUtils.h; sourceTree = "<group>"; };
		0D0C3F562105D33D00449E8D /* OOUnbundledVideo.h */ = {isa = PBXFileReference; fileEncoding = 4; lastKnownFileType = sourcecode.c.h; path = OOUnbundledVideo.h; sourceTree = "<group>"; };
		0D0C3F572105D33D00449E8D /* OOPerformanceEventWatchCPUProfiling.h */ = {isa = PBXFileReference; fileEncoding = 4; lastKnownFileType = sourcecode.c.h; path = OOPerformanceEventWatchCPUProfiling.h; sourceTree = "<group>"; };
		0D0C3F582105D33D00449E8D /* OOPerformanceMonitorBuilder.h */ = {isa = PBXFileReference; fileEncoding = 4; lastKnownFileType = sourcecode.c.h; path = OOPerformanceMonitorBuilder.h; sourceTree = "<group>"; };
		0D0C3F592105D33D00449E8D /* OONextButton.h */ = {isa = PBXFileReference; fileEncoding = 4; lastKnownFileType = sourcecode.c.h; path = OONextButton.h; sourceTree = "<group>"; };
		0D0C3F5A2105D33D00449E8D /* OOOptions.h */ = {isa = PBXFileReference; fileEncoding = 4; lastKnownFileType = sourcecode.c.h; path = OOOptions.h; sourceTree = "<group>"; };
		0D0C3F5B2105D33D00449E8D /* OOAssetLoaderDelegate.h */ = {isa = PBXFileReference; fileEncoding = 4; lastKnownFileType = sourcecode.c.h; path = OOAssetLoaderDelegate.h; sourceTree = "<group>"; };
		0D0C3F5C2105D33D00449E8D /* OOVASTLinearAd.h */ = {isa = PBXFileReference; fileEncoding = 4; lastKnownFileType = sourcecode.c.h; path = OOVASTLinearAd.h; sourceTree = "<group>"; };
		0D0C3F5D2105D33D00449E8D /* OOPerformanceMemoryProfilingStatistics.h */ = {isa = PBXFileReference; fileEncoding = 4; lastKnownFileType = sourcecode.c.h; path = OOPerformanceMemoryProfilingStatistics.h; sourceTree = "<group>"; };
		0D0C3F5E2105D33D00449E8D /* OOStreamPlayerMappingPredicate.h */ = {isa = PBXFileReference; fileEncoding = 4; lastKnownFileType = sourcecode.c.h; path = OOStreamPlayerMappingPredicate.h; sourceTree = "<group>"; };
		0D0C3F5F2105D33D00449E8D /* OOSignatureGenerator.h */ = {isa = PBXFileReference; fileEncoding = 4; lastKnownFileType = sourcecode.c.h; path = OOSignatureGenerator.h; sourceTree = "<group>"; };
		0D0C3F602105D33D00449E8D /* OOPerformanceFileSpaceProfilingStatistics.h */ = {isa = PBXFileReference; fileEncoding = 4; lastKnownFileType = sourcecode.c.h; path = OOPerformanceFileSpaceProfilingStatistics.h; sourceTree = "<group>"; };
		0D0C3F612105D33D00449E8D /* OOControlsViewController.h */ = {isa = PBXFileReference; fileEncoding = 4; lastKnownFileType = sourcecode.c.h; path = OOControlsViewController.h; sourceTree = "<group>"; };
		0D0C3F622105D33D00449E8D /* OOStreamPlayer.h */ = {isa = PBXFileReference; fileEncoding = 4; lastKnownFileType = sourcecode.c.h; path = OOStreamPlayer.h; sourceTree = "<group>"; };
		0D0C3F632105D33D00449E8D /* OOPerformanceEventMatcherProtocol.h */ = {isa = PBXFileReference; fileEncoding = 4; lastKnownFileType = sourcecode.c.h; path = OOPerformanceEventMatcherProtocol.h; sourceTree = "<group>"; };
		0D0C3F642105D33D00449E8D /* OOPerformanceEventWatchStartEnd.h */ = {isa = PBXFileReference; fileEncoding = 4; lastKnownFileType = sourcecode.c.h; path = OOPerformanceEventWatchStartEnd.h; sourceTree = "<group>"; };
		0D0C3F652105D33D00449E8D /* OOVideoGravityButton.h */ = {isa = PBXFileReference; fileEncoding = 4; lastKnownFileType = sourcecode.c.h; path = OOVideoGravityButton.h; sourceTree = "<group>"; };
		0D0C3F662105D33D00449E8D /* OOVASTNonLinear.h */ = {isa = PBXFileReference; fileEncoding = 4; lastKnownFileType = sourcecode.c.h; path = OOVASTNonLinear.h; sourceTree = "<group>"; };
		0D0C3F672105D33D00449E8D /* OOPreviousButton.h */ = {isa = PBXFileReference; fileEncoding = 4; lastKnownFileType = sourcecode.c.h; path = OOPreviousButton.h; sourceTree = "<group>"; };
		0D0C3F682105D33D00449E8D /* OOPlayerDomain.h */ = {isa = PBXFileReference; fileEncoding = 4; lastKnownFileType = sourcecode.c.h; path = OOPlayerDomain.h; sourceTree = "<group>"; };
		0D0C3F692105D33D00449E8D /* OOOfflineVideo.h */ = {isa = PBXFileReference; fileEncoding = 4; lastKnownFileType = sourcecode.c.h; path = OOOfflineVideo.h; sourceTree = "<group>"; };
		0D0C3F6A2105D33D00449E8D /* OOVolumeButton.h */ = {isa = PBXFileReference; fileEncoding = 4; lastKnownFileType = sourcecode.c.h; path = OOVolumeButton.h; sourceTree = "<group>"; };
		0D0C3F6B2105D33D00449E8D /* OOClosedCaptions.h */ = {isa = PBXFileReference; fileEncoding = 4; lastKnownFileType = sourcecode.c.h; path = OOClosedCaptions.h; sourceTree = "<group>"; };
		0D0C3F6C2105D33D00449E8D /* OOCastModeOptions.h */ = {isa = PBXFileReference; fileEncoding = 4; lastKnownFileType = sourcecode.c.h; path = OOCastModeOptions.h; sourceTree = "<group>"; };
		0D0C3F6D2105D33D00449E8D /* OOStreamPlayerMappingCreator.h */ = {isa = PBXFileReference; fileEncoding = 4; lastKnownFileType = sourcecode.c.h; path = OOStreamPlayerMappingCreator.h; sourceTree = "<group>"; };
		0D0C3F6E2105D33D00449E8D /* OOVideo.h */ = {isa = PBXFileReference; fileEncoding = 4; lastKnownFileType = sourcecode.c.h; path = OOVideo.h; sourceTree = "<group>"; };
		0D0C3F6F2105D33D00449E8D /* OOFullScreenControlsView.h */ = {isa = PBXFileReference; fileEncoding = 4; lastKnownFileType = sourcecode.c.h; path = OOFullScreenControlsView.h; sourceTree = "<group>"; };
		0D0C3F702105D33D00449E8D /* iOS7ScrubberSliderFraming.h */ = {isa = PBXFileReference; fileEncoding = 4; lastKnownFileType = sourcecode.c.h; path = iOS7ScrubberSliderFraming.h; sourceTree = "<group>"; };
		0D0C3F712105D33D00449E8D /* OOCastManagerProtocol.h */ = {isa = PBXFileReference; fileEncoding = 4; lastKnownFileType = sourcecode.c.h; path = OOCastManagerProtocol.h; sourceTree = "<group>"; };
		0D0C3F722105D33D00449E8D /* OOAdOverlayInfo.h */ = {isa = PBXFileReference; fileEncoding = 4; lastKnownFileType = sourcecode.c.h; path = OOAdOverlayInfo.h; sourceTree = "<group>"; };
		0D0C3F732105D33D00449E8D /* OOPlayer.h */ = {isa = PBXFileReference; fileEncoding = 4; lastKnownFileType = sourcecode.c.h; path = OOPlayer.h; sourceTree = "<group>"; };
		0D0C3F742105D33D00449E8D /* OOAnalyticsPluginBaseImpl.h */ = {isa = PBXFileReference; fileEncoding = 4; lastKnownFileType = sourcecode.c.h; path = OOAnalyticsPluginBaseImpl.h; sourceTree = "<group>"; };
		0D0C3F752105D33D00449E8D /* OOSeekInfo.h */ = {isa = PBXFileReference; fileEncoding = 4; lastKnownFileType = sourcecode.c.h; path = OOSeekInfo.h; sourceTree = "<group>"; };
		0D0C3F762105D33D00449E8D /* OOLifeCycle.h */ = {isa = PBXFileReference; fileEncoding = 4; lastKnownFileType = sourcecode.c.h; path = OOLifeCycle.h; sourceTree = "<group>"; };
		0D0C3F772105D33D00449E8D /* OOProgressSliderView.h */ = {isa = PBXFileReference; fileEncoding = 4; lastKnownFileType = sourcecode.c.h; path = OOProgressSliderView.h; sourceTree = "<group>"; };
		0D0C3F782105D33D00449E8D /* OOClosedCaptionsSelectorBackgroundViewController.h */ = {isa = PBXFileReference; fileEncoding = 4; lastKnownFileType = sourcecode.c.h; path = OOClosedCaptionsSelectorBackgroundViewController.h; sourceTree = "<group>"; };
		0D0C3F792105D33D00449E8D /* OOAdPodInfo.h */ = {isa = PBXFileReference; fileEncoding = 4; lastKnownFileType = sourcecode.c.h; path = OOAdPodInfo.h; sourceTree = "<group>"; };
		0D0C3F7A2105D33D00449E8D /* OOStream.h */ = {isa = PBXFileReference; fileEncoding = 4; lastKnownFileType = sourcecode.c.h; path = OOStream.h; sourceTree = "<group>"; };
		0D0C3F7B2105D33D00449E8D /* OOVolumeSliderView.h */ = {isa = PBXFileReference; fileEncoding = 4; lastKnownFileType = sourcecode.c.h; path = OOVolumeSliderView.h; sourceTree = "<group>"; };
		0D0C3F7C2105D33D00449E8D /* OOFCCTVRating.h */ = {isa = PBXFileReference; fileEncoding = 4; lastKnownFileType = sourcecode.c.h; path = OOFCCTVRating.h; sourceTree = "<group>"; };
		0D0C3F7D2105D33D00449E8D /* OOMovingAverage.h */ = {isa = PBXFileReference; fileEncoding = 4; lastKnownFileType = sourcecode.c.h; path = OOMovingAverage.h; sourceTree = "<group>"; };
		0D0C3F7E2105D33D00449E8D /* OOPerformanceStatisticsProtocol.h */ = {isa = PBXFileReference; fileEncoding = 4; lastKnownFileType = sourcecode.c.h; path = OOPerformanceStatisticsProtocol.h; sourceTree = "<group>"; };
		0D0C3F7F2105D33D00449E8D /* OOEmbedTokenGenerator.h */ = {isa = PBXFileReference; fileEncoding = 4; lastKnownFileType = sourcecode.c.h; path = OOEmbedTokenGenerator.h; sourceTree = "<group>"; };
		0D0C3F802105D33D00449E8D /* OOCaption.h */ = {isa = PBXFileReference; fileEncoding = 4; lastKnownFileType = sourcecode.c.h; path = OOCaption.h; sourceTree = "<group>"; };
		0D0C3F812105D33D00449E8D /* OODynamicChannel.h */ = {isa = PBXFileReference; fileEncoding = 4; lastKnownFileType = sourcecode.c.h; path = OODynamicChannel.h; sourceTree = "<group>"; };
		0D0C3F822105D33D00449E8D /* OOClosedCaptionsLabel.h */ = {isa = PBXFileReference; fileEncoding = 4; lastKnownFileType = sourcecode.c.h; path = OOClosedCaptionsLabel.h; sourceTree = "<group>"; };
		0D0C3F832105D33D00449E8D /* OOPerformanceNotificationNameMatcher.h */ = {isa = PBXFileReference; fileEncoding = 4; lastKnownFileType = sourcecode.c.h; path = OOPerformanceNotificationNameMatcher.h; sourceTree = "<group>"; };
		0D0C3F842105D33D00449E8D /* OOStateNotifier.h */ = {isa = PBXFileReference; fileEncoding = 4; lastKnownFileType = sourcecode.c.h; path = OOStateNotifier.h; sourceTree = "<group>"; };
		0D0C3F852105D33D00449E8D /* OOVASTCompanion.h */ = {isa = PBXFileReference; fileEncoding = 4; lastKnownFileType = sourcecode.c.h; path = OOVASTCompanion.h; sourceTree = "<group>"; };
		0D0C3F862105D33D00449E8D /* OOAnalyticsPluginProtocol.h */ = {isa = PBXFileReference; fileEncoding = 4; lastKnownFileType = sourcecode.c.h; path = OOAnalyticsPluginProtocol.h; sourceTree = "<group>"; };
		0D0C3F872105D33D00449E8D /* OOFullScreenControlsBottomBarMainControlsView.h */ = {isa = PBXFileReference; fileEncoding = 4; lastKnownFileType = sourcecode.c.h; path = OOFullScreenControlsBottomBarMainControlsView.h; sourceTree = "<group>"; };
		0D0C3F882105D33D00449E8D /* OOInlineControlsView.h */ = {isa = PBXFileReference; fileEncoding = 4; lastKnownFileType = sourcecode.c.h; path = OOInlineControlsView.h; sourceTree = "<group>"; };
		0D0C3F892105D33D00449E8D /* OOTBXML.h */ = {isa = PBXFileReference; fileEncoding = 4; lastKnownFileType = sourcecode.c.h; path = OOTBXML.h; sourceTree = "<group>"; };
		0D0C3F8A2105D33D00449E8D /* OOAudioTrackProtocol.h */ = {isa = PBXFileReference; fileEncoding = 4; lastKnownFileType = sourcecode.c.h; path = OOAudioTrackProtocol.h; sourceTree = "<group>"; };
		0D0C3F8B2105D33D00449E8D /* OOVolumeSliderDelegate.h */ = {isa = PBXFileReference; fileEncoding = 4; lastKnownFileType = sourcecode.c.h; path = OOVolumeSliderDelegate.h; sourceTree = "<group>"; };
		0D0C3F8C2105D33D00449E8D /* OOAdSpotManager.h */ = {isa = PBXFileReference; fileEncoding = 4; lastKnownFileType = sourcecode.c.h; path = OOAdSpotManager.h; sourceTree = "<group>"; };
		0D0C3F8D2105D33D00449E8D /* OOTransparentToolbar.h */ = {isa = PBXFileReference; fileEncoding = 4; lastKnownFileType = sourcecode.c.h; path = OOTransparentToolbar.h; sourceTree = "<group>"; };
		0D0C3F8E2105D33D00449E8D /* OOPerformanceEventWatchMemoryProfiling.h */ = {isa = PBXFileReference; fileEncoding = 4; lastKnownFileType = sourcecode.c.h; path = OOPerformanceEventWatchMemoryProfiling.h; sourceTree = "<group>"; };
		0D0C3F8F2105D33D00449E8D /* OOAssetDownloadStream.h */ = {isa = PBXFileReference; fileEncoding = 4; lastKnownFileType = sourcecode.c.h; path = OOAssetDownloadStream.h; sourceTree = "<group>"; };
		0D0C3F902105D33D00449E8D /* OOVolumeSliderProtocol.h */ = {isa = PBXFileReference; fileEncoding = 4; lastKnownFileType = sourcecode.c.h; path = OOVolumeSliderProtocol.h; sourceTree = "<group>"; };
		0D0C3F912105D33D00449E8D /* OOPerformanceEventWatchProtocol.h */ = {isa = PBXFileReference; fileEncoding = 4; lastKnownFileType = sourcecode.c.h; path = OOPerformanceEventWatchProtocol.h; sourceTree = "<group>"; };
		0D0C3F922105D33D00449E8D /* OOReturnState.h */ = {isa = PBXFileReference; fileEncoding = 4; lastKnownFileType = sourcecode.c.h; path = OOReturnState.h; sourceTree = "<group>"; };
		0D0C3F932105D33D00449E8D /* OOUserInfo.h */ = {isa = PBXFileReference; fileEncoding = 4; lastKnownFileType = sourcecode.c.h; path = OOUserInfo.h; sourceTree = "<group>"; };
		0D0C3F942105D33D00449E8D /* OOVASTVMAPAdSpot.h */ = {isa = PBXFileReference; fileEncoding = 4; lastKnownFileType = sourcecode.c.h; path = OOVASTVMAPAdSpot.h; sourceTree = "<group>"; };
		0D0C3F952105D33D00449E8D /* OOFCCTVRatingConfiguration.h */ = {isa = PBXFileReference; fileEncoding = 4; lastKnownFileType = sourcecode.c.h; path = OOFCCTVRatingConfiguration.h; sourceTree = "<group>"; };
		0D0C3F962105D33D00449E8D /* OOChannel.h */ = {isa = PBXFileReference; fileEncoding = 4; lastKnownFileType = sourcecode.c.h; path = OOChannel.h; sourceTree = "<group>"; };
		0D0C3F972105D33D00449E8D /* OOClientId.h */ = {isa = PBXFileReference; fileEncoding = 4; lastKnownFileType = sourcecode.c.h; path = OOClientId.h; sourceTree = "<group>"; };
		0D0C3F982105D33D00449E8D /* OOClosedCaptionsStyle.h */ = {isa = PBXFileReference; fileEncoding = 4; lastKnownFileType = sourcecode.c.h; path = OOClosedCaptionsStyle.h; sourceTree = "<group>"; };
		0D0C3F992105D33D00449E8D /* OOCallbacks.h */ = {isa = PBXFileReference; fileEncoding = 4; lastKnownFileType = sourcecode.c.h; path = OOCallbacks.h; sourceTree = "<group>"; };
		0D0C3F9A2105D33D00449E8D /* OOOrderedDictionary.h */ = {isa = PBXFileReference; fileEncoding = 4; lastKnownFileType = sourcecode.c.h; path = OOOrderedDictionary.h; sourceTree = "<group>"; };
		0D0C3F9B2105D33D00449E8D /* OOEmbeddedSecureURLGenerator.h */ = {isa = PBXFileReference; fileEncoding = 4; lastKnownFileType = sourcecode.c.h; path = OOEmbeddedSecureURLGenerator.h; sourceTree = "<group>"; };
		0D0C3F9C2105D33D00449E8D /* OODeliveryTypeConstants.h */ = {isa = PBXFileReference; fileEncoding = 4; lastKnownFileType = sourcecode.c.h; path = OODeliveryTypeConstants.h; sourceTree = "<group>"; };
		0D0C3F9D2105D33D00449E8D /* OOOoyalaPlayer.h */ = {isa = PBXFileReference; fileEncoding = 4; lastKnownFileType = sourcecode.c.h; path = OOOoyalaPlayer.h; sourceTree = "<group>"; };
		0D0C3F9E2105D33D00449E8D /* OOFullscreenButton.h */ = {isa = PBXFileReference; fileEncoding = 4; lastKnownFileType = sourcecode.c.h; path = OOFullscreenButton.h; sourceTree = "<group>"; };
		0D0C3F9F2105D33D00449E8D /* OOIQAnalyticsPlugin.h */ = {isa = PBXFileReference; fileEncoding = 4; lastKnownFileType = sourcecode.c.h; path = OOIQAnalyticsPlugin.h; sourceTree = "<group>"; };
		0D0C3FA02105D33D00449E8D /* OOImages.h */ = {isa = PBXFileReference; fileEncoding = 4; lastKnownFileType = sourcecode.c.h; path = OOImages.h; sourceTree = "<group>"; };
		0D0C3FA12105D33D00449E8D /* OOFairplayContentKeyDelegate.h */ = {isa = PBXFileReference; fileEncoding = 4; lastKnownFileType = sourcecode.c.h; path = OOFairplayContentKeyDelegate.h; sourceTree = "<group>"; };
		0D0C3FA22105D33D00449E8D /* OOVASTOffset.h */ = {isa = PBXFileReference; fileEncoding = 4; lastKnownFileType = sourcecode.c.h; path = OOVASTOffset.h; sourceTree = "<group>"; };
		0D0C3FA32105D33D00449E8D /* OOPerformanceCountingStatistics.h */ = {isa = PBXFileReference; fileEncoding = 4; lastKnownFileType = sourcecode.c.h; path = OOPerformanceCountingStatistics.h; sourceTree = "<group>"; };
		0D0C3FA42105D33D00449E8D /* OOOoyalaSimpleTVPlayerViewController.h */ = {isa = PBXFileReference; fileEncoding = 4; lastKnownFileType = sourcecode.c.h; path = OOOoyalaSimpleTVPlayerViewController.h; sourceTree = "<group>"; };
		0D0C3FA52105D33D00449E8D /* OOPlayerInfo.h */ = {isa = PBXFileReference; fileEncoding = 4; lastKnownFileType = sourcecode.c.h; path = OOPlayerInfo.h; sourceTree = "<group>"; };
		0D0C3FA62105D33D00449E8D /* OOOoyalaAPIClient.h */ = {isa = PBXFileReference; fileEncoding = 4; lastKnownFileType = sourcecode.c.h; path = OOOoyalaAPIClient.h; sourceTree = "<group>"; };
		0D0C3FA72105D33D00449E8D /* OOPerformanceStartEndStatistics.h */ = {isa = PBXFileReference; fileEncoding = 4; lastKnownFileType = sourcecode.c.h; path = OOPerformanceStartEndStatistics.h; sourceTree = "<group>"; };
		0D0C3FA82105D33D00449E8D /* OOVASTConstants.h */ = {isa = PBXFileReference; fileEncoding = 4; lastKnownFileType = sourcecode.c.h; path = OOVASTConstants.h; sourceTree = "<group>"; };
		0D0C3FA92105D33D00449E8D /* OOPerformanceEventWatchCounting.h */ = {isa = PBXFileReference; fileEncoding = 4; lastKnownFileType = sourcecode.c.h; path = OOPerformanceEventWatchCounting.h; sourceTree = "<group>"; };
		0D0C3FAA2105D33D00449E8D /* OOChannelSet.h */ = {isa = PBXFileReference; fileEncoding = 4; lastKnownFileType = sourcecode.c.h; path = OOChannelSet.h; sourceTree = "<group>"; };
		0D0C3FAB2105D33D00449E8D /* OOAirPlayButton.h */ = {isa = PBXFileReference; fileEncoding = 4; lastKnownFileType = sourcecode.c.h; path = OOAirPlayButton.h; sourceTree = "<group>"; };
		0D0C3FAC2105D33D00449E8D /* OOCuePointsView.h */ = {isa = PBXFileReference; fileEncoding = 4; lastKnownFileType = sourcecode.c.h; path = OOCuePointsView.h; sourceTree = "<group>"; };
		0D0C3FAD2105D33D00449E8D /* OOImagesIOS7.h */ = {isa = PBXFileReference; fileEncoding = 4; lastKnownFileType = sourcecode.c.h; path = OOImagesIOS7.h; sourceTree = "<group>"; };
		0D0C3FAE2105D33D00449E8D /* OODeviceInfo.h */ = {isa = PBXFileReference; fileEncoding = 4; lastKnownFileType = sourcecode.c.h; path = OODeviceInfo.h; sourceTree = "<group>"; };
		0D0C3FAF2105D33D00449E8D /* OOAssetDownloadManager.h */ = {isa = PBXFileReference; fileEncoding = 4; lastKnownFileType = sourcecode.c.h; path = OOAssetDownloadManager.h; sourceTree = "<group>"; };
		0D0C3FB02105D33D00449E8D /* OOPerformanceCPUProfilingStatistics.h */ = {isa = PBXFileReference; fileEncoding = 4; lastKnownFileType = sourcecode.c.h; path = OOPerformanceCPUProfilingStatistics.h; sourceTree = "<group>"; };
		0D0C3FB12105D33D00449E8D /* OOAssetDownloadOptions.h */ = {isa = PBXFileReference; fileEncoding = 4; lastKnownFileType = sourcecode.c.h; path = OOAssetDownloadOptions.h; sourceTree = "<group>"; };
		0D0C3FB22105D33D00449E8D /* OOPlayPauseButton.h */ = {isa = PBXFileReference; fileEncoding = 4; lastKnownFileType = sourcecode.c.h; path = OOPlayPauseButton.h; sourceTree = "<group>"; };
		0D0C3FB32105D33D00449E8D /* OOEmbeddedSignatureGenerator.h */ = {isa = PBXFileReference; fileEncoding = 4; lastKnownFileType = sourcecode.c.h; path = OOEmbeddedSignatureGenerator.h; sourceTree = "<group>"; };
		0D0C3FB42105D33D00449E8D /* OOControls.h */ = {isa = PBXFileReference; fileEncoding = 4; lastKnownFileType = sourcecode.c.h; path = OOControls.h; sourceTree = "<group>"; };
		0D0C3FB52105D33D00449E8D /* OOMultiAudioProtocol.h */ = {isa = PBXFileReference; fileEncoding = 4; lastKnownFileType = sourcecode.c.h; path = OOMultiAudioProtocol.h; sourceTree = "<group>"; };
		0D0C3FB62105D33D00449E8D /* OODefaultPlayerInfo.h */ = {isa = PBXFileReference; fileEncoding = 4; lastKnownFileType = sourcecode.c.h; path = OODefaultPlayerInfo.h; sourceTree = "<group>"; };
		0D0C3FB72105D33D00449E8D /* OOPaginatedParentItem.h */ = {isa = PBXFileReference; fileEncoding = 4; lastKnownFileType = sourcecode.c.h; path = OOPaginatedParentItem.h; sourceTree = "<group>"; };
		0D0C3FB82105D33D00449E8D /* OOControlsDelegate.h */ = {isa = PBXFileReference; fileEncoding = 4; lastKnownFileType = sourcecode.c.h; path = OOControlsDelegate.h; sourceTree = "<group>"; };
		0D0C3FB92105D33D00449E8D /* OOFullScreenControlsTopBar.h */ = {isa = PBXFileReference; fileEncoding = 4; lastKnownFileType = sourcecode.c.h; path = OOFullScreenControlsTopBar.h; sourceTree = "<group>"; };
		0D0C3FBA2105D33D00449E8D /* OOClosedCaptionsButton.h */ = {isa = PBXFileReference; fileEncoding = 4; lastKnownFileType = sourcecode.c.h; path = OOClosedCaptionsButton.h; sourceTree = "<group>"; };
		0D0C3FBB2105D33D00449E8D /* OOAuthorizableItem.h */ = {isa = PBXFileReference; fileEncoding = 4; lastKnownFileType = sourcecode.c.h; path = OOAuthorizableItem.h; sourceTree = "<group>"; };
		0D0C3FBC2105D33D00449E8D /* OOPerformanceStatisticsSnapshot.h */ = {isa = PBXFileReference; fileEncoding = 4; lastKnownFileType = sourcecode.c.h; path = OOPerformanceStatisticsSnapshot.h; sourceTree = "<group>"; };
		0D0C3FBD2105D33D00449E8D /* OOAdPluginManagerProtocol.h */ = {isa = PBXFileReference; fileEncoding = 4; lastKnownFileType = sourcecode.c.h; path = OOAdPluginManagerProtocol.h; sourceTree = "<group>"; };
		0D0C3FBE2105D33D00449E8D /* OOOoyalaPlayerViewController.h */ = {isa = PBXFileReference; fileEncoding = 4; lastKnownFileType = sourcecode.c.h; path = OOOoyalaPlayerViewController.h; sourceTree = "<group>"; };
		0D0C3FBF2105D33D00449E8D /* OOJSONKit.h */ = {isa = PBXFileReference; fileEncoding = 4; lastKnownFileType = sourcecode.c.h; path = OOJSONKit.h; sourceTree = "<group>"; };
		0D0C3FC02105D33D00449E8D /* OOVASTStream.h */ = {isa = PBXFileReference; fileEncoding = 4; lastKnownFileType = sourcecode.c.h; path = OOVASTStream.h; sourceTree = "<group>"; };
		0D0C3FC12105D33D00449E8D /* OOVASTCreative.h */ = {isa = PBXFileReference; fileEncoding = 4; lastKnownFileType = sourcecode.c.h; path = OOVASTCreative.h; sourceTree = "<group>"; };
		0D0C3FC22105D33D00449E8D /* OOManagedAdSpot.h */ = {isa = PBXFileReference; fileEncoding = 4; lastKnownFileType = sourcecode.c.h; path = OOManagedAdSpot.h; sourceTree = "<group>"; };
		0D0C3FC32105D33D00449E8D /* OOVASTIcon.h */ = {isa = PBXFileReference; fileEncoding = 4; lastKnownFileType = sourcecode.c.h; path = OOVASTIcon.h; sourceTree = "<group>"; };
		0D0C3FC42105D33D00449E8D /* OoyalaSDK.h */ = {isa = PBXFileReference; fileEncoding = 4; lastKnownFileType = sourcecode.c.h; path = OoyalaSDK.h; sourceTree = "<group>"; };
		0D0C3FC52105D33D00449E8D /* OODiscoveryOptions.h */ = {isa = PBXFileReference; fileEncoding = 4; lastKnownFileType = sourcecode.c.h; path = OODiscoveryOptions.h; sourceTree = "<group>"; };
		0D0C3FC62105D33D00449E8D /* OOPerformanceNotificationNameStateMatcher.h */ = {isa = PBXFileReference; fileEncoding = 4; lastKnownFileType = sourcecode.c.h; path = OOPerformanceNotificationNameStateMatcher.h; sourceTree = "<group>"; };
		0D0C3FC72105D33D00449E8D /* OOPerformanceMonitor.h */ = {isa = PBXFileReference; fileEncoding = 4; lastKnownFileType = sourcecode.c.h; path = OOPerformanceMonitor.h; sourceTree = "<group>"; };
		0D0C3FC82105D33D00449E8D /* OOFullScreenControlsBottomBarVolumeView.h */ = {isa = PBXFileReference; fileEncoding = 4; lastKnownFileType = sourcecode.c.h; path = OOFullScreenControlsBottomBarVolumeView.h; sourceTree = "<group>"; };
		0D0C3FC92105D33D00449E8D /* OOFCCTVRatingVideoView.h */ = {isa = PBXFileReference; fileEncoding = 4; lastKnownFileType = sourcecode.c.h; path = OOFCCTVRatingVideoView.h; sourceTree = "<group>"; };
		0D0C3FCA2105D33D00449E8D /* OOInlineViewController.h */ = {isa = PBXFileReference; fileEncoding = 4; lastKnownFileType = sourcecode.c.h; path = OOInlineViewController.h; sourceTree = "<group>"; };
		0D0C3FCB2105D33D00449E8D /* OOOoyalaAdSpot.h */ = {isa = PBXFileReference; fileEncoding = 4; lastKnownFileType = sourcecode.c.h; path = OOOoyalaAdSpot.h; sourceTree = "<group>"; };
		0D0C3FCC2105D33D00449E8D /* OOContentItem.h */ = {isa = PBXFileReference; fileEncoding = 4; lastKnownFileType = sourcecode.c.h; path = OOContentItem.h; sourceTree = "<group>"; };
		0D0C3FCD2105D33D00449E8D /* OOAdSpotPlugin.h */ = {isa = PBXFileReference; fileEncoding = 4; lastKnownFileType = sourcecode.c.h; path = OOAdSpotPlugin.h; sourceTree = "<group>"; };
		0D0C3FCE2105D33D00449E8D /* OOUIProgressSliderIOS7.h */ = {isa = PBXFileReference; fileEncoding = 4; lastKnownFileType = sourcecode.c.h; path = OOUIProgressSliderIOS7.h; sourceTree = "<group>"; };
		0D0C3FCF2105D33D00449E8D /* OOVASTNonLinearAds.h */ = {isa = PBXFileReference; fileEncoding = 4; lastKnownFileType = sourcecode.c.h; path = OOVASTNonLinearAds.h; sourceTree = "<group>"; };
		0D0C3FD02105D33D00449E8D /* OOPerformanceEventWatchFileSpaceProfiling.h */ = {isa = PBXFileReference; fileEncoding = 4; lastKnownFileType = sourcecode.c.h; path = OOPerformanceEventWatchFileSpaceProfiling.h; sourceTree = "<group>"; };
		0D0C3FD12105D33D00449E8D /* OOAudioTrack.h */ = {isa = PBXFileReference; fileEncoding = 4; lastKnownFileType = sourcecode.c.h; path = OOAudioTrack.h; sourceTree = "<group>"; };
		0D0C3FD22105D33D00449E8D /* OOClosedCaptionsView.h */ = {isa = PBXFileReference; fileEncoding = 4; lastKnownFileType = sourcecode.c.h; path = OOClosedCaptionsView.h; sourceTree = "<group>"; };
		0D0C3FD32105D33D00449E8D /* OOManagedAdsPlugin.h */ = {isa = PBXFileReference; fileEncoding = 4; lastKnownFileType = sourcecode.c.h; path = OOManagedAdsPlugin.h; sourceTree = "<group>"; };
		0D0C3FD42105D33D00449E8D /* OOClosedCaptionsSelectorViewController.h */ = {isa = PBXFileReference; fileEncoding = 4; lastKnownFileType = sourcecode.c.h; path = OOClosedCaptionsSelectorViewController.h; sourceTree = "<group>"; };
		0D0C3FD52105D33D00449E8D /* OOClosedCaptionsItem.h */ = {isa = PBXFileReference; fileEncoding = 4; lastKnownFileType = sourcecode.c.h; path = OOClosedCaptionsItem.h; sourceTree = "<group>"; };
		0D0C3FD62105D33D00449E8D /* OOBufferView.h */ = {isa = PBXFileReference; fileEncoding = 4; lastKnownFileType = sourcecode.c.h; path = OOBufferView.h; sourceTree = "<group>"; };
		0D0C3FD72105D33D00449E8D /* OOFullScreenViewController.h */ = {isa = PBXFileReference; fileEncoding = 4; lastKnownFileType = sourcecode.c.h; path = OOFullScreenViewController.h; sourceTree = "<group>"; };
		0D0C3FD82105D33D00449E8D /* OOScalableImageButton.h */ = {isa = PBXFileReference; fileEncoding = 4; lastKnownFileType = sourcecode.c.h; path = OOScalableImageButton.h; sourceTree = "<group>"; };
		0D0C3FD92105D33D00449E8D /* OOVASTUtils.h */ = {isa = PBXFileReference; fileEncoding = 4; lastKnownFileType = sourcecode.c.h; path = OOVASTUtils.h; sourceTree = "<group>"; };
		0D0C3FDA2105D33D00449E8D /* ScrubberSliderFraming.h */ = {isa = PBXFileReference; fileEncoding = 4; lastKnownFileType = sourcecode.c.h; path = ScrubberSliderFraming.h; sourceTree = "<group>"; };
		0D0C3FDB2105D33D00449E8D /* OOAdsLearnMoreButton.h */ = {isa = PBXFileReference; fileEncoding = 4; lastKnownFileType = sourcecode.c.h; path = OOAdsLearnMoreButton.h; sourceTree = "<group>"; };
		0D0C3FDC2105D33D00449E8D /* OOOoyalaError.h */ = {isa = PBXFileReference; fileEncoding = 4; lastKnownFileType = sourcecode.c.h; path = OOOoyalaError.h; sourceTree = "<group>"; };
		0D0C3FDD2105D33D00449E8D /* OOFullScreenControlsBottomBar.h */ = {isa = PBXFileReference; fileEncoding = 4; lastKnownFileType = sourcecode.c.h; path = OOFullScreenControlsBottomBar.h; sourceTree = "<group>"; };
		0D0C3FDE2105D33D00449E8D /* OOSecureURLGenerator.h */ = {isa = PBXFileReference; fileEncoding = 4; lastKnownFileType = sourcecode.c.h; path = OOSecureURLGenerator.h; sourceTree = "<group>"; };
		0D0C3FDF2105D33D00449E8D /* OOVASTResource.h */ = {isa = PBXFileReference; fileEncoding = 4; lastKnownFileType = sourcecode.c.h; path = OOVASTResource.h; sourceTree = "<group>"; };
		0D0C3FE02105D33E00449E8D /* OOInlineControlsBottomBar.h */ = {isa = PBXFileReference; fileEncoding = 4; lastKnownFileType = sourcecode.c.h; path = OOInlineControlsBottomBar.h; sourceTree = "<group>"; };
		0D0C3FE12105D33E00449E8D /* OOModule.h */ = {isa = PBXFileReference; fileEncoding = 4; lastKnownFileType = sourcecode.c.h; path = OOModule.h; sourceTree = "<group>"; };
		0D0C3FE22105D33E00449E8D /* OODiscoveryManager.h */ = {isa = PBXFileReference; fileEncoding = 4; lastKnownFileType = sourcecode.c.h; path = OODiscoveryManager.h; sourceTree = "<group>"; };
		0D0C3FE32105D33E00449E8D /* OOVASTAdSpot.h */ = {isa = PBXFileReference; fileEncoding = 4; lastKnownFileType = sourcecode.c.h; path = OOVASTAdSpot.h; sourceTree = "<group>"; };
		0D0C3FE42105D33E00449E8D /* OOPlayableItem.h */ = {isa = PBXFileReference; fileEncoding = 4; lastKnownFileType = sourcecode.c.h; path = OOPlayableItem.h; sourceTree = "<group>"; };
		418167A41FD7C82400B54849 /* OoyalaSDK.framework */ = {isa = PBXFileReference; lastKnownFileType = wrapper.framework; name = OoyalaSDK.framework; path = Wrapped/OoyalaSDK.framework; sourceTree = "<group>"; };
		41EE65481F45990800930274 /* DynamicOoyalaWrapper.framework */ = {isa = PBXFileReference; explicitFileType = wrapper.framework; includeInIndex = 0; path = DynamicOoyalaWrapper.framework; sourceTree = BUILT_PRODUCTS_DIR; };
		41EE654C1F45990800930274 /* Info.plist */ = {isa = PBXFileReference; lastKnownFileType = text.plist.xml; path = Info.plist; sourceTree = "<group>"; };
		41EE65561F4599F200930274 /* AVFoundation.framework */ = {isa = PBXFileReference; lastKnownFileType = wrapper.framework; name = AVFoundation.framework; path = System/Library/Frameworks/AVFoundation.framework; sourceTree = SDKROOT; };
		41EE65571F4599F200930274 /* AVKit.framework */ = {isa = PBXFileReference; lastKnownFileType = wrapper.framework; name = AVKit.framework; path = System/Library/Frameworks/AVKit.framework; sourceTree = SDKROOT; };
		41EE65581F4599F200930274 /* CFNetwork.framework */ = {isa = PBXFileReference; lastKnownFileType = wrapper.framework; name = CFNetwork.framework; path = System/Library/Frameworks/CFNetwork.framework; sourceTree = SDKROOT; };
		41EE65591F4599F200930274 /* CoreGraphics.framework */ = {isa = PBXFileReference; lastKnownFileType = wrapper.framework; name = CoreGraphics.framework; path = System/Library/Frameworks/CoreGraphics.framework; sourceTree = SDKROOT; };
		41EE655A1F4599F200930274 /* CoreMedia.framework */ = {isa = PBXFileReference; lastKnownFileType = wrapper.framework; name = CoreMedia.framework; path = System/Library/Frameworks/CoreMedia.framework; sourceTree = SDKROOT; };
		41EE655B1F4599F200930274 /* CoreText.framework */ = {isa = PBXFileReference; lastKnownFileType = wrapper.framework; name = CoreText.framework; path = System/Library/Frameworks/CoreText.framework; sourceTree = SDKROOT; };
		41EE655C1F4599F200930274 /* Foundation.framework */ = {isa = PBXFileReference; lastKnownFileType = wrapper.framework; name = Foundation.framework; path = System/Library/Frameworks/Foundation.framework; sourceTree = SDKROOT; };
		41EE655D1F4599F200930274 /* libc++.tbd */ = {isa = PBXFileReference; lastKnownFileType = "sourcecode.text-based-dylib-definition"; name = "libc++.tbd"; path = "usr/lib/libc++.tbd"; sourceTree = SDKROOT; };
		41EE655E1F4599F200930274 /* libxml2.tbd */ = {isa = PBXFileReference; lastKnownFileType = "sourcecode.text-based-dylib-definition"; name = libxml2.tbd; path = usr/lib/libxml2.tbd; sourceTree = SDKROOT; };
		41EE655F1F4599F200930274 /* libz.1.1.3.tbd */ = {isa = PBXFileReference; lastKnownFileType = "sourcecode.text-based-dylib-definition"; name = libz.1.1.3.tbd; path = usr/lib/libz.1.1.3.tbd; sourceTree = SDKROOT; };
		41EE65601F4599F200930274 /* MediaAccessibility.framework */ = {isa = PBXFileReference; lastKnownFileType = wrapper.framework; name = MediaAccessibility.framework; path = System/Library/Frameworks/MediaAccessibility.framework; sourceTree = SDKROOT; };
		41EE65611F4599F200930274 /* MediaPlayer.framework */ = {isa = PBXFileReference; lastKnownFileType = wrapper.framework; name = MediaPlayer.framework; path = System/Library/Frameworks/MediaPlayer.framework; sourceTree = SDKROOT; };
		41EE65621F4599F200930274 /* QuartzCore.framework */ = {isa = PBXFileReference; lastKnownFileType = wrapper.framework; name = QuartzCore.framework; path = System/Library/Frameworks/QuartzCore.framework; sourceTree = SDKROOT; };
		41EE65631F4599F200930274 /* Security.framework */ = {isa = PBXFileReference; lastKnownFileType = wrapper.framework; name = Security.framework; path = System/Library/Frameworks/Security.framework; sourceTree = SDKROOT; };
		41EE65641F4599F200930274 /* SystemConfiguration.framework */ = {isa = PBXFileReference; lastKnownFileType = wrapper.framework; name = SystemConfiguration.framework; path = System/Library/Frameworks/SystemConfiguration.framework; sourceTree = SDKROOT; };
		41EE65651F4599F200930274 /* UIKit.framework */ = {isa = PBXFileReference; lastKnownFileType = wrapper.framework; name = UIKit.framework; path = System/Library/Frameworks/UIKit.framework; sourceTree = SDKROOT; };
		41EE65761F459A0000930274 /* JavaScriptCore.framework */ = {isa = PBXFileReference; lastKnownFileType = wrapper.framework; name = JavaScriptCore.framework; path = System/Library/Frameworks/JavaScriptCore.framework; sourceTree = SDKROOT; };
/* End PBXFileReference section */

/* Begin PBXFrameworksBuildPhase section */
		41EE65441F45990800930274 /* Frameworks */ = {
			isa = PBXFrameworksBuildPhase;
			buildActionMask = 2147483647;
			files = (
				41F2272D20501A2D00DB9FF3 /* AVFoundation.framework in Frameworks */,
				41EE65771F459A0000930274 /* JavaScriptCore.framework in Frameworks */,
				418167A51FD7C82400B54849 /* OoyalaSDK.framework in Frameworks */,
				41EE65671F4599F200930274 /* AVKit.framework in Frameworks */,
				41EE65681F4599F200930274 /* CFNetwork.framework in Frameworks */,
				41EE65691F4599F200930274 /* CoreGraphics.framework in Frameworks */,
				41EE656A1F4599F200930274 /* CoreMedia.framework in Frameworks */,
				41EE656B1F4599F200930274 /* CoreText.framework in Frameworks */,
				41EE656C1F4599F200930274 /* Foundation.framework in Frameworks */,
				41EE656D1F4599F200930274 /* libc++.tbd in Frameworks */,
				41EE656E1F4599F200930274 /* libxml2.tbd in Frameworks */,
				41EE656F1F4599F200930274 /* libz.1.1.3.tbd in Frameworks */,
				41EE65701F4599F200930274 /* MediaAccessibility.framework in Frameworks */,
				41EE65711F4599F200930274 /* MediaPlayer.framework in Frameworks */,
				41EE65721F4599F200930274 /* QuartzCore.framework in Frameworks */,
				41EE65731F4599F200930274 /* Security.framework in Frameworks */,
				41EE65741F4599F200930274 /* SystemConfiguration.framework in Frameworks */,
				41EE65751F4599F200930274 /* UIKit.framework in Frameworks */,
			);
			runOnlyForDeploymentPostprocessing = 0;
		};
/* End PBXFrameworksBuildPhase section */

/* Begin PBXGroup section */
		0D0C3F482105D33D00449E8D /* Headers */ = {
			isa = PBXGroup;
			children = (
				0D0C3F492105D33D00449E8D /* OOAdPlugin.h */,
				0D0C3F4A2105D33D00449E8D /* OOTimeSliderDelegate.h */,
				0D0C3F4B2105D33D00449E8D /* OOVASTVMAPAdHelper.h */,
				0D0C3F4C2105D33D00449E8D /* OOAudioTrackSelectionProtocol.h */,
				0D0C3F4D2105D33D00449E8D /* OODebugMode.h */,
				0D0C3F4E2105D33D00449E8D /* OOIQConfiguration.h */,
				0D0C3F4F2105D33D00449E8D /* OOVASTCompanionAds.h */,
				0D0C3F502105D33D00449E8D /* OOVASTAd.h */,
				0D0C3F512105D33D00449E8D /* OOTimeSliderProtocol.h */,
				0D0C3F522105D33D00449E8D /* OOFCCTVRatingStampView.h */,
				0D0C3F532105D33D00449E8D /* OOPlayerProtocol.h */,
				0D0C3F542105D33D00449E8D /* OOAdSpot.h */,
				0D0C3F552105D33D00449E8D /* OOUIUtils.h */,
				0D0C3F562105D33D00449E8D /* OOUnbundledVideo.h */,
				0D0C3F572105D33D00449E8D /* OOPerformanceEventWatchCPUProfiling.h */,
				0D0C3F582105D33D00449E8D /* OOPerformanceMonitorBuilder.h */,
				0D0C3F592105D33D00449E8D /* OONextButton.h */,
				0D0C3F5A2105D33D00449E8D /* OOOptions.h */,
				0D0C3F5B2105D33D00449E8D /* OOAssetLoaderDelegate.h */,
				0D0C3F5C2105D33D00449E8D /* OOVASTLinearAd.h */,
				0D0C3F5D2105D33D00449E8D /* OOPerformanceMemoryProfilingStatistics.h */,
				0D0C3F5E2105D33D00449E8D /* OOStreamPlayerMappingPredicate.h */,
				0D0C3F5F2105D33D00449E8D /* OOSignatureGenerator.h */,
				0D0C3F602105D33D00449E8D /* OOPerformanceFileSpaceProfilingStatistics.h */,
				0D0C3F612105D33D00449E8D /* OOControlsViewController.h */,
				0D0C3F622105D33D00449E8D /* OOStreamPlayer.h */,
				0D0C3F632105D33D00449E8D /* OOPerformanceEventMatcherProtocol.h */,
				0D0C3F642105D33D00449E8D /* OOPerformanceEventWatchStartEnd.h */,
				0D0C3F652105D33D00449E8D /* OOVideoGravityButton.h */,
				0D0C3F662105D33D00449E8D /* OOVASTNonLinear.h */,
				0D0C3F672105D33D00449E8D /* OOPreviousButton.h */,
				0D0C3F682105D33D00449E8D /* OOPlayerDomain.h */,
				0D0C3F692105D33D00449E8D /* OOOfflineVideo.h */,
				0D0C3F6A2105D33D00449E8D /* OOVolumeButton.h */,
				0D0C3F6B2105D33D00449E8D /* OOClosedCaptions.h */,
				0D0C3F6C2105D33D00449E8D /* OOCastModeOptions.h */,
				0D0C3F6D2105D33D00449E8D /* OOStreamPlayerMappingCreator.h */,
				0D0C3F6E2105D33D00449E8D /* OOVideo.h */,
				0D0C3F6F2105D33D00449E8D /* OOFullScreenControlsView.h */,
				0D0C3F702105D33D00449E8D /* iOS7ScrubberSliderFraming.h */,
				0D0C3F712105D33D00449E8D /* OOCastManagerProtocol.h */,
				0D0C3F722105D33D00449E8D /* OOAdOverlayInfo.h */,
				0D0C3F732105D33D00449E8D /* OOPlayer.h */,
				0D0C3F742105D33D00449E8D /* OOAnalyticsPluginBaseImpl.h */,
				0D0C3F752105D33D00449E8D /* OOSeekInfo.h */,
				0D0C3F762105D33D00449E8D /* OOLifeCycle.h */,
				0D0C3F772105D33D00449E8D /* OOProgressSliderView.h */,
				0D0C3F782105D33D00449E8D /* OOClosedCaptionsSelectorBackgroundViewController.h */,
				0D0C3F792105D33D00449E8D /* OOAdPodInfo.h */,
				0D0C3F7A2105D33D00449E8D /* OOStream.h */,
				0D0C3F7B2105D33D00449E8D /* OOVolumeSliderView.h */,
				0D0C3F7C2105D33D00449E8D /* OOFCCTVRating.h */,
				0D0C3F7D2105D33D00449E8D /* OOMovingAverage.h */,
				0D0C3F7E2105D33D00449E8D /* OOPerformanceStatisticsProtocol.h */,
				0D0C3F7F2105D33D00449E8D /* OOEmbedTokenGenerator.h */,
				0D0C3F802105D33D00449E8D /* OOCaption.h */,
				0D0C3F812105D33D00449E8D /* OODynamicChannel.h */,
				0D0C3F822105D33D00449E8D /* OOClosedCaptionsLabel.h */,
				0D0C3F832105D33D00449E8D /* OOPerformanceNotificationNameMatcher.h */,
				0D0C3F842105D33D00449E8D /* OOStateNotifier.h */,
				0D0C3F852105D33D00449E8D /* OOVASTCompanion.h */,
				0D0C3F862105D33D00449E8D /* OOAnalyticsPluginProtocol.h */,
				0D0C3F872105D33D00449E8D /* OOFullScreenControlsBottomBarMainControlsView.h */,
				0D0C3F882105D33D00449E8D /* OOInlineControlsView.h */,
				0D0C3F892105D33D00449E8D /* OOTBXML.h */,
				0D0C3F8A2105D33D00449E8D /* OOAudioTrackProtocol.h */,
				0D0C3F8B2105D33D00449E8D /* OOVolumeSliderDelegate.h */,
				0D0C3F8C2105D33D00449E8D /* OOAdSpotManager.h */,
				0D0C3F8D2105D33D00449E8D /* OOTransparentToolbar.h */,
				0D0C3F8E2105D33D00449E8D /* OOPerformanceEventWatchMemoryProfiling.h */,
				0D0C3F8F2105D33D00449E8D /* OOAssetDownloadStream.h */,
				0D0C3F902105D33D00449E8D /* OOVolumeSliderProtocol.h */,
				0D0C3F912105D33D00449E8D /* OOPerformanceEventWatchProtocol.h */,
				0D0C3F922105D33D00449E8D /* OOReturnState.h */,
				0D0C3F932105D33D00449E8D /* OOUserInfo.h */,
				0D0C3F942105D33D00449E8D /* OOVASTVMAPAdSpot.h */,
				0D0C3F952105D33D00449E8D /* OOFCCTVRatingConfiguration.h */,
				0D0C3F962105D33D00449E8D /* OOChannel.h */,
				0D0C3F972105D33D00449E8D /* OOClientId.h */,
				0D0C3F982105D33D00449E8D /* OOClosedCaptionsStyle.h */,
				0D0C3F992105D33D00449E8D /* OOCallbacks.h */,
				0D0C3F9A2105D33D00449E8D /* OOOrderedDictionary.h */,
				0D0C3F9B2105D33D00449E8D /* OOEmbeddedSecureURLGenerator.h */,
				0D0C3F9C2105D33D00449E8D /* OODeliveryTypeConstants.h */,
				0D0C3F9D2105D33D00449E8D /* OOOoyalaPlayer.h */,
				0D0C3F9E2105D33D00449E8D /* OOFullscreenButton.h */,
				0D0C3F9F2105D33D00449E8D /* OOIQAnalyticsPlugin.h */,
				0D0C3FA02105D33D00449E8D /* OOImages.h */,
				0D0C3FA12105D33D00449E8D /* OOFairplayContentKeyDelegate.h */,
				0D0C3FA22105D33D00449E8D /* OOVASTOffset.h */,
				0D0C3FA32105D33D00449E8D /* OOPerformanceCountingStatistics.h */,
				0D0C3FA42105D33D00449E8D /* OOOoyalaSimpleTVPlayerViewController.h */,
				0D0C3FA52105D33D00449E8D /* OOPlayerInfo.h */,
				0D0C3FA62105D33D00449E8D /* OOOoyalaAPIClient.h */,
				0D0C3FA72105D33D00449E8D /* OOPerformanceStartEndStatistics.h */,
				0D0C3FA82105D33D00449E8D /* OOVASTConstants.h */,
				0D0C3FA92105D33D00449E8D /* OOPerformanceEventWatchCounting.h */,
				0D0C3FAA2105D33D00449E8D /* OOChannelSet.h */,
				0D0C3FAB2105D33D00449E8D /* OOAirPlayButton.h */,
				0D0C3FAC2105D33D00449E8D /* OOCuePointsView.h */,
				0D0C3FAD2105D33D00449E8D /* OOImagesIOS7.h */,
				0D0C3FAE2105D33D00449E8D /* OODeviceInfo.h */,
				0D0C3FAF2105D33D00449E8D /* OOAssetDownloadManager.h */,
				0D0C3FB02105D33D00449E8D /* OOPerformanceCPUProfilingStatistics.h */,
				0D0C3FB12105D33D00449E8D /* OOAssetDownloadOptions.h */,
				0D0C3FB22105D33D00449E8D /* OOPlayPauseButton.h */,
				0D0C3FB32105D33D00449E8D /* OOEmbeddedSignatureGenerator.h */,
				0D0C3FB42105D33D00449E8D /* OOControls.h */,
				0D0C3FB52105D33D00449E8D /* OOMultiAudioProtocol.h */,
				0D0C3FB62105D33D00449E8D /* OODefaultPlayerInfo.h */,
				0D0C3FB72105D33D00449E8D /* OOPaginatedParentItem.h */,
				0D0C3FB82105D33D00449E8D /* OOControlsDelegate.h */,
				0D0C3FB92105D33D00449E8D /* OOFullScreenControlsTopBar.h */,
				0D0C3FBA2105D33D00449E8D /* OOClosedCaptionsButton.h */,
				0D0C3FBB2105D33D00449E8D /* OOAuthorizableItem.h */,
				0D0C3FBC2105D33D00449E8D /* OOPerformanceStatisticsSnapshot.h */,
				0D0C3FBD2105D33D00449E8D /* OOAdPluginManagerProtocol.h */,
				0D0C3FBE2105D33D00449E8D /* OOOoyalaPlayerViewController.h */,
				0D0C3FBF2105D33D00449E8D /* OOJSONKit.h */,
				0D0C3FC02105D33D00449E8D /* OOVASTStream.h */,
				0D0C3FC12105D33D00449E8D /* OOVASTCreative.h */,
				0D0C3FC22105D33D00449E8D /* OOManagedAdSpot.h */,
				0D0C3FC32105D33D00449E8D /* OOVASTIcon.h */,
				0D0C3FC42105D33D00449E8D /* OoyalaSDK.h */,
				0D0C3FC52105D33D00449E8D /* OODiscoveryOptions.h */,
				0D0C3FC62105D33D00449E8D /* OOPerformanceNotificationNameStateMatcher.h */,
				0D0C3FC72105D33D00449E8D /* OOPerformanceMonitor.h */,
				0D0C3FC82105D33D00449E8D /* OOFullScreenControlsBottomBarVolumeView.h */,
				0D0C3FC92105D33D00449E8D /* OOFCCTVRatingVideoView.h */,
				0D0C3FCA2105D33D00449E8D /* OOInlineViewController.h */,
				0D0C3FCB2105D33D00449E8D /* OOOoyalaAdSpot.h */,
				0D0C3FCC2105D33D00449E8D /* OOContentItem.h */,
				0D0C3FCD2105D33D00449E8D /* OOAdSpotPlugin.h */,
				0D0C3FCE2105D33D00449E8D /* OOUIProgressSliderIOS7.h */,
				0D0C3FCF2105D33D00449E8D /* OOVASTNonLinearAds.h */,
				0D0C3FD02105D33D00449E8D /* OOPerformanceEventWatchFileSpaceProfiling.h */,
				0D0C3FD12105D33D00449E8D /* OOAudioTrack.h */,
				0D0C3FD22105D33D00449E8D /* OOClosedCaptionsView.h */,
				0D0C3FD32105D33D00449E8D /* OOManagedAdsPlugin.h */,
				0D0C3FD42105D33D00449E8D /* OOClosedCaptionsSelectorViewController.h */,
				0D0C3FD52105D33D00449E8D /* OOClosedCaptionsItem.h */,
				0D0C3FD62105D33D00449E8D /* OOBufferView.h */,
				0D0C3FD72105D33D00449E8D /* OOFullScreenViewController.h */,
				0D0C3FD82105D33D00449E8D /* OOScalableImageButton.h */,
				0D0C3FD92105D33D00449E8D /* OOVASTUtils.h */,
				0D0C3FDA2105D33D00449E8D /* ScrubberSliderFraming.h */,
				0D0C3FDB2105D33D00449E8D /* OOAdsLearnMoreButton.h */,
				0D0C3FDC2105D33D00449E8D /* OOOoyalaError.h */,
				0D0C3FDD2105D33D00449E8D /* OOFullScreenControlsBottomBar.h */,
				0D0C3FDE2105D33D00449E8D /* OOSecureURLGenerator.h */,
				0D0C3FDF2105D33D00449E8D /* OOVASTResource.h */,
				0D0C3FE02105D33E00449E8D /* OOInlineControlsBottomBar.h */,
				0D0C3FE12105D33E00449E8D /* OOModule.h */,
				0D0C3FE22105D33E00449E8D /* OODiscoveryManager.h */,
				0D0C3FE32105D33E00449E8D /* OOVASTAdSpot.h */,
				0D0C3FE42105D33E00449E8D /* OOPlayableItem.h */,
			);
			name = Headers;
			path = Wrapped/OoyalaSDK.framework/Versions/A/Headers;
			sourceTree = "<group>";
		};
		41EE653E1F45990800930274 = {
			isa = PBXGroup;
			children = (
				0D0C3F482105D33D00449E8D /* Headers */,
				41EE654A1F45990800930274 /* DynamicOoyalaWrapper */,
				41EE65491F45990800930274 /* Products */,
				41EE65531F45993800930274 /* Frameworks */,
			);
			sourceTree = "<group>";
		};
		41EE65491F45990800930274 /* Products */ = {
			isa = PBXGroup;
			children = (
				41EE65481F45990800930274 /* DynamicOoyalaWrapper.framework */,
			);
			name = Products;
			sourceTree = "<group>";
		};
		41EE654A1F45990800930274 /* DynamicOoyalaWrapper */ = {
			isa = PBXGroup;
			children = (
				41EE654C1F45990800930274 /* Info.plist */,
			);
			path = DynamicOoyalaWrapper;
			sourceTree = "<group>";
		};
		41EE65531F45993800930274 /* Frameworks */ = {
			isa = PBXGroup;
			children = (
				418167A41FD7C82400B54849 /* OoyalaSDK.framework */,
				41EE65761F459A0000930274 /* JavaScriptCore.framework */,
				41EE65561F4599F200930274 /* AVFoundation.framework */,
				41EE65571F4599F200930274 /* AVKit.framework */,
				41EE65581F4599F200930274 /* CFNetwork.framework */,
				41EE65591F4599F200930274 /* CoreGraphics.framework */,
				41EE655A1F4599F200930274 /* CoreMedia.framework */,
				41EE655B1F4599F200930274 /* CoreText.framework */,
				41EE655C1F4599F200930274 /* Foundation.framework */,
				41EE655D1F4599F200930274 /* libc++.tbd */,
				41EE655E1F4599F200930274 /* libxml2.tbd */,
				41EE655F1F4599F200930274 /* libz.1.1.3.tbd */,
				41EE65601F4599F200930274 /* MediaAccessibility.framework */,
				41EE65611F4599F200930274 /* MediaPlayer.framework */,
				41EE65621F4599F200930274 /* QuartzCore.framework */,
				41EE65631F4599F200930274 /* Security.framework */,
				41EE65641F4599F200930274 /* SystemConfiguration.framework */,
				41EE65651F4599F200930274 /* UIKit.framework */,
			);
			name = Frameworks;
			sourceTree = "<group>";
		};
/* End PBXGroup section */

/* Begin PBXHeadersBuildPhase section */
		41EE65451F45990800930274 /* Headers */ = {
			isa = PBXHeadersBuildPhase;
			buildActionMask = 2147483647;
			files = (
				0D0C3FE52105D33E00449E8D /* OOAdPlugin.h in Headers */,
				0D0C404F2105D33E00449E8D /* OOEmbeddedSignatureGenerator.h in Headers */,
				0D0C402B2105D33E00449E8D /* OOAssetDownloadStream.h in Headers */,
				0D0C40142105D33E00449E8D /* OOClosedCaptionsSelectorBackgroundViewController.h in Headers */,
				0D0C3FFE2105D33E00449E8D /* OOStreamPlayer.h in Headers */,
				0D0C40382105D33E00449E8D /* OODeliveryTypeConstants.h in Headers */,
				0D0C40452105D33E00449E8D /* OOPerformanceEventWatchCounting.h in Headers */,
				0D0C40092105D33E00449E8D /* OOStreamPlayerMappingCreator.h in Headers */,
				0D0C3FF92105D33E00449E8D /* OOPerformanceMemoryProfilingStatistics.h in Headers */,
				0D0C40802105D33F00449E8D /* OOPlayableItem.h in Headers */,
				0D0C400F2105D33E00449E8D /* OOPlayer.h in Headers */,
				0D0C40082105D33E00449E8D /* OOCastModeOptions.h in Headers */,
				0D0C40772105D33F00449E8D /* OOAdsLearnMoreButton.h in Headers */,
				0D0C3FFD2105D33E00449E8D /* OOControlsViewController.h in Headers */,
				0D0C40312105D33E00449E8D /* OOFCCTVRatingConfiguration.h in Headers */,
				0D0C40402105D33E00449E8D /* OOOoyalaSimpleTVPlayerViewController.h in Headers */,
				0D0C40612105D33E00449E8D /* OODiscoveryOptions.h in Headers */,
				0D0C40362105D33E00449E8D /* OOOrderedDictionary.h in Headers */,
				0D0C40032105D33E00449E8D /* OOPreviousButton.h in Headers */,
				0D0C3FFC2105D33E00449E8D /* OOPerformanceFileSpaceProfilingStatistics.h in Headers */,
				0D0C403F2105D33E00449E8D /* OOPerformanceCountingStatistics.h in Headers */,
				0D0C401A2105D33E00449E8D /* OOPerformanceStatisticsProtocol.h in Headers */,
				0D0C403B2105D33E00449E8D /* OOIQAnalyticsPlugin.h in Headers */,
				0D0C40182105D33E00449E8D /* OOFCCTVRating.h in Headers */,
				0D0C40712105D33E00449E8D /* OOClosedCaptionsItem.h in Headers */,
				0D0C40412105D33E00449E8D /* OOPlayerInfo.h in Headers */,
				0D0C3FF62105D33E00449E8D /* OOOptions.h in Headers */,
				0D0C40542105D33E00449E8D /* OOControlsDelegate.h in Headers */,
				0D0C404B2105D33E00449E8D /* OOAssetDownloadManager.h in Headers */,
				0D0C402E2105D33E00449E8D /* OOReturnState.h in Headers */,
				0D0C3FED2105D33E00449E8D /* OOTimeSliderProtocol.h in Headers */,
				0D0C400E2105D33E00449E8D /* OOAdOverlayInfo.h in Headers */,
				0D0C406B2105D33E00449E8D /* OOVASTNonLinearAds.h in Headers */,
				0D0C40332105D33E00449E8D /* OOClientId.h in Headers */,
				0D0C40422105D33E00449E8D /* OOOoyalaAPIClient.h in Headers */,
				0D0C40692105D33E00449E8D /* OOAdSpotPlugin.h in Headers */,
				0D0C40492105D33E00449E8D /* OOImagesIOS7.h in Headers */,
				0D0C40002105D33E00449E8D /* OOPerformanceEventWatchStartEnd.h in Headers */,
				0D0C40762105D33F00449E8D /* ScrubberSliderFraming.h in Headers */,
				0D0C40702105D33E00449E8D /* OOClosedCaptionsSelectorViewController.h in Headers */,
				0D0C402C2105D33E00449E8D /* OOVolumeSliderProtocol.h in Headers */,
				0D0C406F2105D33E00449E8D /* OOManagedAdsPlugin.h in Headers */,
				0D0C40042105D33E00449E8D /* OOPlayerDomain.h in Headers */,
				0D0C40292105D33E00449E8D /* OOTransparentToolbar.h in Headers */,
				0D0C40342105D33E00449E8D /* OOClosedCaptionsStyle.h in Headers */,
				0D0C40232105D33E00449E8D /* OOFullScreenControlsBottomBarMainControlsView.h in Headers */,
				0D0C40442105D33E00449E8D /* OOVASTConstants.h in Headers */,
				0D0C401D2105D33E00449E8D /* OODynamicChannel.h in Headers */,
				0D0C40722105D33E00449E8D /* OOBufferView.h in Headers */,
				0D0C3FF72105D33E00449E8D /* OOAssetLoaderDelegate.h in Headers */,
				0D0C40472105D33E00449E8D /* OOAirPlayButton.h in Headers */,
				0D0C405E2105D33E00449E8D /* OOManagedAdSpot.h in Headers */,
				0D0C40252105D33E00449E8D /* OOTBXML.h in Headers */,
				0D0C404D2105D33E00449E8D /* OOAssetDownloadOptions.h in Headers */,
				0D0C406D2105D33E00449E8D /* OOAudioTrack.h in Headers */,
				0D0C400D2105D33E00449E8D /* OOCastManagerProtocol.h in Headers */,
				0D0C40222105D33E00449E8D /* OOAnalyticsPluginProtocol.h in Headers */,
				0D0C40432105D33E00449E8D /* OOPerformanceStartEndStatistics.h in Headers */,
				0D0C407A2105D33F00449E8D /* OOSecureURLGenerator.h in Headers */,
				0D0C40262105D33E00449E8D /* OOAudioTrackProtocol.h in Headers */,
				0D0C40022105D33E00449E8D /* OOVASTNonLinear.h in Headers */,
				0D0C402F2105D33E00449E8D /* OOUserInfo.h in Headers */,
				0D0C405A2105D33E00449E8D /* OOOoyalaPlayerViewController.h in Headers */,
				0D0C40192105D33E00449E8D /* OOMovingAverage.h in Headers */,
				0D0C40242105D33E00449E8D /* OOInlineControlsView.h in Headers */,
				0D0C405C2105D33E00449E8D /* OOVASTStream.h in Headers */,
				0D0C40372105D33E00449E8D /* OOEmbeddedSecureURLGenerator.h in Headers */,
				0D0C401C2105D33E00449E8D /* OOCaption.h in Headers */,
				0D0C401F2105D33E00449E8D /* OOPerformanceNotificationNameMatcher.h in Headers */,
				0D0C40522105D33E00449E8D /* OODefaultPlayerInfo.h in Headers */,
				0D0C400B2105D33E00449E8D /* OOFullScreenControlsView.h in Headers */,
				0D0C3FF42105D33E00449E8D /* OOPerformanceMonitorBuilder.h in Headers */,
				0D0C40552105D33E00449E8D /* OOFullScreenControlsTopBar.h in Headers */,
				0D0C404A2105D33E00449E8D /* OODeviceInfo.h in Headers */,
				0D0C3FEC2105D33E00449E8D /* OOVASTAd.h in Headers */,
				0D0C40462105D33E00449E8D /* OOChannelSet.h in Headers */,
				0D0C40642105D33E00449E8D /* OOFullScreenControlsBottomBarVolumeView.h in Headers */,
				0D0C407F2105D33F00449E8D /* OOVASTAdSpot.h in Headers */,
				0D0C40792105D33F00449E8D /* OOFullScreenControlsBottomBar.h in Headers */,
				0D0C3FEE2105D33E00449E8D /* OOFCCTVRatingStampView.h in Headers */,
				0D0C40352105D33E00449E8D /* OOCallbacks.h in Headers */,
				0D0C3FF32105D33E00449E8D /* OOPerformanceEventWatchCPUProfiling.h in Headers */,
				0D0C40302105D33E00449E8D /* OOVASTVMAPAdSpot.h in Headers */,
				0D0C3FE62105D33E00449E8D /* OOTimeSliderDelegate.h in Headers */,
				0D0C40122105D33E00449E8D /* OOLifeCycle.h in Headers */,
				0D0C407B2105D33F00449E8D /* OOVASTResource.h in Headers */,
				0D0C40212105D33E00449E8D /* OOVASTCompanion.h in Headers */,
				0D0C403E2105D33E00449E8D /* OOVASTOffset.h in Headers */,
				0D0C40742105D33F00449E8D /* OOScalableImageButton.h in Headers */,
				0D0C40652105D33E00449E8D /* OOFCCTVRatingVideoView.h in Headers */,
				0D0C40602105D33E00449E8D /* OoyalaSDK.h in Headers */,
				0D0C3FF02105D33E00449E8D /* OOAdSpot.h in Headers */,
				0D0C40732105D33E00449E8D /* OOFullScreenViewController.h in Headers */,
				0D0C40112105D33E00449E8D /* OOSeekInfo.h in Headers */,
				0D0C40662105D33E00449E8D /* OOInlineViewController.h in Headers */,
				0D0C40502105D33E00449E8D /* OOControls.h in Headers */,
				0D0C40282105D33E00449E8D /* OOAdSpotManager.h in Headers */,
				0D0C3FF82105D33E00449E8D /* OOVASTLinearAd.h in Headers */,
				0D0C3FFA2105D33E00449E8D /* OOStreamPlayerMappingPredicate.h in Headers */,
				0D0C407D2105D33F00449E8D /* OOModule.h in Headers */,
				0D0C400A2105D33E00449E8D /* OOVideo.h in Headers */,
				0D0C405B2105D33E00449E8D /* OOJSONKit.h in Headers */,
				0D0C40682105D33E00449E8D /* OOContentItem.h in Headers */,
				0D0C406C2105D33E00449E8D /* OOPerformanceEventWatchFileSpaceProfiling.h in Headers */,
				0D0C40162105D33E00449E8D /* OOStream.h in Headers */,
				0D0C402D2105D33E00449E8D /* OOPerformanceEventWatchProtocol.h in Headers */,
				0D0C40592105D33E00449E8D /* OOAdPluginManagerProtocol.h in Headers */,
				0D0C40512105D33E00449E8D /* OOMultiAudioProtocol.h in Headers */,
				0D0C40012105D33E00449E8D /* OOVideoGravityButton.h in Headers */,
				0D0C407E2105D33F00449E8D /* OODiscoveryManager.h in Headers */,
				0D0C3FFF2105D33E00449E8D /* OOPerformanceEventMatcherProtocol.h in Headers */,
				0D0C40322105D33E00449E8D /* OOChannel.h in Headers */,
				0D0C40072105D33E00449E8D /* OOClosedCaptions.h in Headers */,
				0D0C401B2105D33E00449E8D /* OOEmbedTokenGenerator.h in Headers */,
				0D0C40152105D33E00449E8D /* OOAdPodInfo.h in Headers */,
				0D0C3FEF2105D33E00449E8D /* OOPlayerProtocol.h in Headers */,
				0D0C3FE82105D33E00449E8D /* OOAudioTrackSelectionProtocol.h in Headers */,
				0D0C3FF22105D33E00449E8D /* OOUnbundledVideo.h in Headers */,
				0D0C403C2105D33E00449E8D /* OOImages.h in Headers */,
				0D0C40572105D33E00449E8D /* OOAuthorizableItem.h in Headers */,
				0D0C407C2105D33F00449E8D /* OOInlineControlsBottomBar.h in Headers */,
				0D0C3FFB2105D33E00449E8D /* OOSignatureGenerator.h in Headers */,
				0D0C3FE72105D33E00449E8D /* OOVASTVMAPAdHelper.h in Headers */,
				0D0C40672105D33E00449E8D /* OOOoyalaAdSpot.h in Headers */,
				0D0C405D2105D33E00449E8D /* OOVASTCreative.h in Headers */,
				0D0C403A2105D33E00449E8D /* OOFullscreenButton.h in Headers */,
				0D0C40172105D33E00449E8D /* OOVolumeSliderView.h in Headers */,
				0D0C406A2105D33E00449E8D /* OOUIProgressSliderIOS7.h in Headers */,
				0D0C40562105D33E00449E8D /* OOClosedCaptionsButton.h in Headers */,
				0D0C40272105D33E00449E8D /* OOVolumeSliderDelegate.h in Headers */,
				0D0C40102105D33E00449E8D /* OOAnalyticsPluginBaseImpl.h in Headers */,
				0D0C404E2105D33E00449E8D /* OOPlayPauseButton.h in Headers */,
				0D0C404C2105D33E00449E8D /* OOPerformanceCPUProfilingStatistics.h in Headers */,
				0D0C3FEB2105D33E00449E8D /* OOVASTCompanionAds.h in Headers */,
				0D0C40062105D33E00449E8D /* OOVolumeButton.h in Headers */,
				0D0C402A2105D33E00449E8D /* OOPerformanceEventWatchMemoryProfiling.h in Headers */,
				0D0C40392105D33E00449E8D /* OOOoyalaPlayer.h in Headers */,
				0D0C40752105D33F00449E8D /* OOVASTUtils.h in Headers */,
				0D0C400C2105D33E00449E8D /* iOS7ScrubberSliderFraming.h in Headers */,
				0D0C40482105D33E00449E8D /* OOCuePointsView.h in Headers */,
				0D0C3FE92105D33E00449E8D /* OODebugMode.h in Headers */,
				0D0C3FEA2105D33E00449E8D /* OOIQConfiguration.h in Headers */,
				0D0C40782105D33F00449E8D /* OOOoyalaError.h in Headers */,
				0D0C3FF12105D33E00449E8D /* OOUIUtils.h in Headers */,
				0D0C40632105D33E00449E8D /* OOPerformanceMonitor.h in Headers */,
				0D0C401E2105D33E00449E8D /* OOClosedCaptionsLabel.h in Headers */,
				0D0C3FF52105D33E00449E8D /* OONextButton.h in Headers */,
				0D0C40582105D33E00449E8D /* OOPerformanceStatisticsSnapshot.h in Headers */,
				0D0C403D2105D33E00449E8D /* OOFairplayContentKeyDelegate.h in Headers */,
				0D0C40052105D33E00449E8D /* OOOfflineVideo.h in Headers */,
				0D0C406E2105D33E00449E8D /* OOClosedCaptionsView.h in Headers */,
				0D0C40202105D33E00449E8D /* OOStateNotifier.h in Headers */,
				0D0C40622105D33E00449E8D /* OOPerformanceNotificationNameStateMatcher.h in Headers */,
				0D0C40132105D33E00449E8D /* OOProgressSliderView.h in Headers */,
				0D0C40532105D33E00449E8D /* OOPaginatedParentItem.h in Headers */,
				0D0C405F2105D33E00449E8D /* OOVASTIcon.h in Headers */,
			);
			runOnlyForDeploymentPostprocessing = 0;
		};
/* End PBXHeadersBuildPhase section */

/* Begin PBXNativeTarget section */
		41EE65471F45990800930274 /* DynamicOoyalaWrapper */ = {
			isa = PBXNativeTarget;
			buildConfigurationList = 41EE65501F45990800930274 /* Build configuration list for PBXNativeTarget "DynamicOoyalaWrapper" */;
			buildPhases = (
				41EE65431F45990800930274 /* Sources */,
				41EE65441F45990800930274 /* Frameworks */,
				41EE65451F45990800930274 /* Headers */,
				41EE65461F45990800930274 /* Resources */,
			);
			buildRules = (
			);
			dependencies = (
			);
			name = DynamicOoyalaWrapper;
			productName = DynamicOoyalaWrapper;
			productReference = 41EE65481F45990800930274 /* DynamicOoyalaWrapper.framework */;
			productType = "com.apple.product-type.framework";
		};
/* End PBXNativeTarget section */

/* Begin PBXProject section */
		41EE653F1F45990800930274 /* Project object */ = {
			isa = PBXProject;
			attributes = {
				LastUpgradeCheck = 0830;
				ORGANIZATIONNAME = "Salman Jamil";
				TargetAttributes = {
					41EE65471F45990800930274 = {
						CreatedOnToolsVersion = 8.3.2;
						ProvisioningStyle = Automatic;
					};
				};
			};
			buildConfigurationList = 41EE65421F45990800930274 /* Build configuration list for PBXProject "DynamicOoyalaWrapper" */;
			compatibilityVersion = "Xcode 3.2";
			developmentRegion = English;
			hasScannedForEncodings = 0;
			knownRegions = (
				en,
			);
			mainGroup = 41EE653E1F45990800930274;
			productRefGroup = 41EE65491F45990800930274 /* Products */;
			projectDirPath = "";
			projectRoot = "";
			targets = (
				41EE65471F45990800930274 /* DynamicOoyalaWrapper */,
			);
		};
/* End PBXProject section */

/* Begin PBXResourcesBuildPhase section */
		41EE65461F45990800930274 /* Resources */ = {
			isa = PBXResourcesBuildPhase;
			buildActionMask = 2147483647;
			files = (
			);
			runOnlyForDeploymentPostprocessing = 0;
		};
/* End PBXResourcesBuildPhase section */

/* Begin PBXSourcesBuildPhase section */
		41EE65431F45990800930274 /* Sources */ = {
			isa = PBXSourcesBuildPhase;
			buildActionMask = 2147483647;
			files = (
			);
			runOnlyForDeploymentPostprocessing = 0;
		};
/* End PBXSourcesBuildPhase section */

/* Begin XCBuildConfiguration section */
		41EE654E1F45990800930274 /* Debug */ = {
			isa = XCBuildConfiguration;
			buildSettings = {
				ALWAYS_SEARCH_USER_PATHS = NO;
				CLANG_ANALYZER_NONNULL = YES;
				CLANG_ANALYZER_NUMBER_OBJECT_CONVERSION = YES_AGGRESSIVE;
				CLANG_CXX_LANGUAGE_STANDARD = "gnu++0x";
				CLANG_CXX_LIBRARY = "libc++";
				CLANG_ENABLE_MODULES = YES;
				CLANG_ENABLE_OBJC_ARC = YES;
				CLANG_WARN_BOOL_CONVERSION = YES;
				CLANG_WARN_CONSTANT_CONVERSION = YES;
				CLANG_WARN_DIRECT_OBJC_ISA_USAGE = YES_ERROR;
				CLANG_WARN_DOCUMENTATION_COMMENTS = YES;
				CLANG_WARN_EMPTY_BODY = YES;
				CLANG_WARN_ENUM_CONVERSION = YES;
				CLANG_WARN_INFINITE_RECURSION = YES;
				CLANG_WARN_INT_CONVERSION = YES;
				CLANG_WARN_OBJC_ROOT_CLASS = YES_ERROR;
				CLANG_WARN_SUSPICIOUS_MOVE = YES;
				CLANG_WARN_UNREACHABLE_CODE = YES;
				CLANG_WARN__DUPLICATE_METHOD_MATCH = YES;
				"CODE_SIGN_IDENTITY[sdk=iphoneos*]" = "iPhone Developer";
				COPY_PHASE_STRIP = NO;
				CURRENT_PROJECT_VERSION = 1;
				DEBUG_INFORMATION_FORMAT = dwarf;
				ENABLE_STRICT_OBJC_MSGSEND = YES;
				ENABLE_TESTABILITY = YES;
				GCC_C_LANGUAGE_STANDARD = gnu99;
				GCC_DYNAMIC_NO_PIC = NO;
				GCC_NO_COMMON_BLOCKS = YES;
				GCC_OPTIMIZATION_LEVEL = 0;
				GCC_PREPROCESSOR_DEFINITIONS = (
					"DEBUG=1",
					"$(inherited)",
				);
				GCC_WARN_64_TO_32_BIT_CONVERSION = YES;
				GCC_WARN_ABOUT_RETURN_TYPE = YES_ERROR;
				GCC_WARN_UNDECLARED_SELECTOR = YES;
				GCC_WARN_UNINITIALIZED_AUTOS = YES_AGGRESSIVE;
				GCC_WARN_UNUSED_FUNCTION = YES;
				GCC_WARN_UNUSED_VARIABLE = YES;
				IPHONEOS_DEPLOYMENT_TARGET = 10.3;
				MTL_ENABLE_DEBUG_INFO = YES;
				ONLY_ACTIVE_ARCH = YES;
				SDKROOT = iphoneos;
				SWIFT_ACTIVE_COMPILATION_CONDITIONS = DEBUG;
				SWIFT_OPTIMIZATION_LEVEL = "-Onone";
				TARGETED_DEVICE_FAMILY = "1,2";
				VERSIONING_SYSTEM = "apple-generic";
				VERSION_INFO_PREFIX = "";
			};
			name = Debug;
		};
		41EE654F1F45990800930274 /* Release */ = {
			isa = XCBuildConfiguration;
			buildSettings = {
				ALWAYS_SEARCH_USER_PATHS = NO;
				CLANG_ANALYZER_NONNULL = YES;
				CLANG_ANALYZER_NUMBER_OBJECT_CONVERSION = YES_AGGRESSIVE;
				CLANG_CXX_LANGUAGE_STANDARD = "gnu++0x";
				CLANG_CXX_LIBRARY = "libc++";
				CLANG_ENABLE_MODULES = YES;
				CLANG_ENABLE_OBJC_ARC = YES;
				CLANG_WARN_BOOL_CONVERSION = YES;
				CLANG_WARN_CONSTANT_CONVERSION = YES;
				CLANG_WARN_DIRECT_OBJC_ISA_USAGE = YES_ERROR;
				CLANG_WARN_DOCUMENTATION_COMMENTS = YES;
				CLANG_WARN_EMPTY_BODY = YES;
				CLANG_WARN_ENUM_CONVERSION = YES;
				CLANG_WARN_INFINITE_RECURSION = YES;
				CLANG_WARN_INT_CONVERSION = YES;
				CLANG_WARN_OBJC_ROOT_CLASS = YES_ERROR;
				CLANG_WARN_SUSPICIOUS_MOVE = YES;
				CLANG_WARN_UNREACHABLE_CODE = YES;
				CLANG_WARN__DUPLICATE_METHOD_MATCH = YES;
				"CODE_SIGN_IDENTITY[sdk=iphoneos*]" = "iPhone Developer";
				COPY_PHASE_STRIP = NO;
				CURRENT_PROJECT_VERSION = 1;
				DEBUG_INFORMATION_FORMAT = "dwarf-with-dsym";
				ENABLE_NS_ASSERTIONS = NO;
				ENABLE_STRICT_OBJC_MSGSEND = YES;
				GCC_C_LANGUAGE_STANDARD = gnu99;
				GCC_NO_COMMON_BLOCKS = YES;
				GCC_WARN_64_TO_32_BIT_CONVERSION = YES;
				GCC_WARN_ABOUT_RETURN_TYPE = YES_ERROR;
				GCC_WARN_UNDECLARED_SELECTOR = YES;
				GCC_WARN_UNINITIALIZED_AUTOS = YES_AGGRESSIVE;
				GCC_WARN_UNUSED_FUNCTION = YES;
				GCC_WARN_UNUSED_VARIABLE = YES;
				IPHONEOS_DEPLOYMENT_TARGET = 10.3;
				MTL_ENABLE_DEBUG_INFO = NO;
				SDKROOT = iphoneos;
				SWIFT_OPTIMIZATION_LEVEL = "-Owholemodule";
				TARGETED_DEVICE_FAMILY = "1,2";
				VALIDATE_PRODUCT = YES;
				VERSIONING_SYSTEM = "apple-generic";
				VERSION_INFO_PREFIX = "";
			};
			name = Release;
		};
		41EE65511F45990800930274 /* Debug */ = {
			isa = XCBuildConfiguration;
			buildSettings = {
				CODE_SIGN_IDENTITY = "";
				DEFINES_MODULE = YES;
				DYLIB_COMPATIBILITY_VERSION = 1;
				DYLIB_CURRENT_VERSION = 1;
				DYLIB_INSTALL_NAME_BASE = "@rpath";
				FRAMEWORK_SEARCH_PATHS = (
					"$(inherited)",
					"$(PROJECT_DIR)/Wrapped",
				);
				INFOPLIST_FILE = DynamicOoyalaWrapper/Info.plist;
				INSTALL_PATH = "$(LOCAL_LIBRARY_DIR)/Frameworks";
				IPHONEOS_DEPLOYMENT_TARGET = 9.0;
				LD_RUNPATH_SEARCH_PATHS = "$(inherited) @executable_path/Frameworks @loader_path/Frameworks";
				MODULEMAP_FILE = "$(PROJECT_DIR)/module.modulemap";
				OTHER_LDFLAGS = (
					"-all_load",
					"-weak_framework",
					AVFoundation,
				);
				PRODUCT_BUNDLE_IDENTIFIER = com.arbisoft.DynamicOoyalaWrapper;
				PRODUCT_NAME = "$(TARGET_NAME)";
				SKIP_INSTALL = YES;
				SWIFT_VERSION = 3.0;
			};
			name = Debug;
		};
		41EE65521F45990800930274 /* Release */ = {
			isa = XCBuildConfiguration;
			buildSettings = {
				CODE_SIGN_IDENTITY = "";
				DEFINES_MODULE = YES;
				DYLIB_COMPATIBILITY_VERSION = 1;
				DYLIB_CURRENT_VERSION = 1;
				DYLIB_INSTALL_NAME_BASE = "@rpath";
				FRAMEWORK_SEARCH_PATHS = (
					"$(inherited)",
					"$(PROJECT_DIR)/Wrapped",
				);
				INFOPLIST_FILE = DynamicOoyalaWrapper/Info.plist;
				INSTALL_PATH = "$(LOCAL_LIBRARY_DIR)/Frameworks";
				IPHONEOS_DEPLOYMENT_TARGET = 9.0;
				LD_RUNPATH_SEARCH_PATHS = "$(inherited) @executable_path/Frameworks @loader_path/Frameworks";
				MODULEMAP_FILE = "$(PROJECT_DIR)/module.modulemap";
				OTHER_LDFLAGS = (
					"-all_load",
					"-weak_framework",
					AVFoundation,
				);
				PRODUCT_BUNDLE_IDENTIFIER = com.arbisoft.DynamicOoyalaWrapper;
				PRODUCT_NAME = "$(TARGET_NAME)";
				SKIP_INSTALL = YES;
				SWIFT_VERSION = 3.0;
			};
			name = Release;
		};
/* End XCBuildConfiguration section */

/* Begin XCConfigurationList section */
		41EE65421F45990800930274 /* Build configuration list for PBXProject "DynamicOoyalaWrapper" */ = {
			isa = XCConfigurationList;
			buildConfigurations = (
				41EE654E1F45990800930274 /* Debug */,
				41EE654F1F45990800930274 /* Release */,
			);
			defaultConfigurationIsVisible = 0;
			defaultConfigurationName = Release;
		};
		41EE65501F45990800930274 /* Build configuration list for PBXNativeTarget "DynamicOoyalaWrapper" */ = {
			isa = XCConfigurationList;
			buildConfigurations = (
				41EE65511F45990800930274 /* Debug */,
				41EE65521F45990800930274 /* Release */,
			);
			defaultConfigurationIsVisible = 0;
			defaultConfigurationName = Release;
		};
/* End XCConfigurationList section */
	};
	rootObject = 41EE653F1F45990800930274 /* Project object */;
}
